// !$*UTF8*$!
{
	archiveVersion = 1;
	classes = {
	};
	objectVersion = 56;
	objects = {

/* Begin PBXBuildFile section */
		9A0E6CA42B9AEB0A005F651B /* XLPagerTabStrip in Frameworks */ = {isa = PBXBuildFile; productRef = 9A0E6CA32B9AEB0A005F651B /* XLPagerTabStrip */; };
		9A39105C2B77796B00037B9B /* UserManager.swift in Sources */ = {isa = PBXBuildFile; fileRef = 9A39105B2B77796B00037B9B /* UserManager.swift */; };
		9A39105E2B7779EE00037B9B /* UserModel.swift in Sources */ = {isa = PBXBuildFile; fileRef = 9A39105D2B7779EE00037B9B /* UserModel.swift */; };
		9A3910612B77F1C400037B9B /* MyPetViewController.swift in Sources */ = {isa = PBXBuildFile; fileRef = 9A3910602B77F1C400037B9B /* MyPetViewController.swift */; };
		9A3910632B77F1CC00037B9B /* MyPetViewModel.swift in Sources */ = {isa = PBXBuildFile; fileRef = 9A3910622B77F1CC00037B9B /* MyPetViewModel.swift */; };
		9A3910652B77F1D600037B9B /* MyPetCoordinator.swift in Sources */ = {isa = PBXBuildFile; fileRef = 9A3910642B77F1D600037B9B /* MyPetCoordinator.swift */; };
		9A3910672B77F33100037B9B /* PetManager.swift in Sources */ = {isa = PBXBuildFile; fileRef = 9A3910662B77F33100037B9B /* PetManager.swift */; };
		9A39106E2B79CF2200037B9B /* AddPetViewController.swift in Sources */ = {isa = PBXBuildFile; fileRef = 9A39106D2B79CF2200037B9B /* AddPetViewController.swift */; };
		9A3910702B79CF2E00037B9B /* AddPetViewModel.swift in Sources */ = {isa = PBXBuildFile; fileRef = 9A39106F2B79CF2E00037B9B /* AddPetViewModel.swift */; };
		9A3910722B79CF4100037B9B /* AddPetCoordinator.swift in Sources */ = {isa = PBXBuildFile; fileRef = 9A3910712B79CF4100037B9B /* AddPetCoordinator.swift */; };
		9A3910742B79D2EA00037B9B /* AddPet.storyboard in Resources */ = {isa = PBXBuildFile; fileRef = 9A3910732B79D2EA00037B9B /* AddPet.storyboard */; };
		9A3910772B79E55200037B9B /* LocalStorage.swift in Sources */ = {isa = PBXBuildFile; fileRef = 9A3910762B79E55200037B9B /* LocalStorage.swift */; };
		9A3910792B79E59A00037B9B /* Constants.swift in Sources */ = {isa = PBXBuildFile; fileRef = 9A3910782B79E59A00037B9B /* Constants.swift */; };
		9A5D42E52B6A175400DAA5F1 /* AppDelegate.swift in Sources */ = {isa = PBXBuildFile; fileRef = 9A5D42E42B6A175400DAA5F1 /* AppDelegate.swift */; };
		9A5D42E72B6A175400DAA5F1 /* SceneDelegate.swift in Sources */ = {isa = PBXBuildFile; fileRef = 9A5D42E62B6A175400DAA5F1 /* SceneDelegate.swift */; };
		9A5D42EE2B6A175500DAA5F1 /* Assets.xcassets in Resources */ = {isa = PBXBuildFile; fileRef = 9A5D42ED2B6A175500DAA5F1 /* Assets.xcassets */; };
		9A5D42F12B6A175500DAA5F1 /* LaunchScreen.storyboard in Resources */ = {isa = PBXBuildFile; fileRef = 9A5D42EF2B6A175500DAA5F1 /* LaunchScreen.storyboard */; };
		9A5D42FC2B6A175500DAA5F1 /* PetClinicTests.swift in Sources */ = {isa = PBXBuildFile; fileRef = 9A5D42FB2B6A175500DAA5F1 /* PetClinicTests.swift */; };
		9A5D43062B6A175500DAA5F1 /* PetClinicUITests.swift in Sources */ = {isa = PBXBuildFile; fileRef = 9A5D43052B6A175500DAA5F1 /* PetClinicUITests.swift */; };
		9A5D43082B6A175500DAA5F1 /* PetClinicUITestsLaunchTests.swift in Sources */ = {isa = PBXBuildFile; fileRef = 9A5D43072B6A175500DAA5F1 /* PetClinicUITestsLaunchTests.swift */; };
		9A5D43192B6A42C600DAA5F1 /* AppCoordinator.swift in Sources */ = {isa = PBXBuildFile; fileRef = 9A5D43182B6A42C600DAA5F1 /* AppCoordinator.swift */; };
		9A5D431B2B6A42E900DAA5F1 /* BaseCoordinator.swift in Sources */ = {isa = PBXBuildFile; fileRef = 9A5D431A2B6A42E900DAA5F1 /* BaseCoordinator.swift */; };
		9A6615BE2B747E6C005F2EEB /* FirebaseAnalytics in Frameworks */ = {isa = PBXBuildFile; productRef = 9A6615BD2B747E6C005F2EEB /* FirebaseAnalytics */; };
		9A6615C32B748182005F2EEB /* Container+ViewModels.swift in Sources */ = {isa = PBXBuildFile; fileRef = 9A6615C02B748182005F2EEB /* Container+ViewModels.swift */; };
		9A6615C42B748182005F2EEB /* Container+RegisterDependencies.swift in Sources */ = {isa = PBXBuildFile; fileRef = 9A6615C12B748182005F2EEB /* Container+RegisterDependencies.swift */; };
		9A6615C52B748182005F2EEB /* Container+Coordinators.swift in Sources */ = {isa = PBXBuildFile; fileRef = 9A6615C22B748182005F2EEB /* Container+Coordinators.swift */; };
		9A6615C82B7481DA005F2EEB /* SwinjectAutoregistration in Frameworks */ = {isa = PBXBuildFile; productRef = 9A6615C72B7481DA005F2EEB /* SwinjectAutoregistration */; };
		9A6615CC2B74827C005F2EEB /* Storyboarded.swift in Sources */ = {isa = PBXBuildFile; fileRef = 9A6615CA2B74827C005F2EEB /* Storyboarded.swift */; };
		9A6615CD2B74827C005F2EEB /* AppStoryboard.swift in Sources */ = {isa = PBXBuildFile; fileRef = 9A6615CB2B74827C005F2EEB /* AppStoryboard.swift */; };
		9A6615CF2B74833D005F2EEB /* Welcome.storyboard in Resources */ = {isa = PBXBuildFile; fileRef = 9A6615CE2B74833D005F2EEB /* Welcome.storyboard */; };
		9A6615D22B748454005F2EEB /* SlideModel.swift in Sources */ = {isa = PBXBuildFile; fileRef = 9A6615D12B748454005F2EEB /* SlideModel.swift */; };
		9A6615D62B74849F005F2EEB /* OnboardingCell.xib in Resources */ = {isa = PBXBuildFile; fileRef = 9A6615D52B74849F005F2EEB /* OnboardingCell.xib */; };
		9A6615D82B7484A6005F2EEB /* OnboardingCell.swift in Sources */ = {isa = PBXBuildFile; fileRef = 9A6615D72B7484A6005F2EEB /* OnboardingCell.swift */; };
		9A6615DB2B74852E005F2EEB /* Lottie in Frameworks */ = {isa = PBXBuildFile; productRef = 9A6615DA2B74852E005F2EEB /* Lottie */; };
		9A6615E12B7487F4005F2EEB /* Animation1.json in Resources */ = {isa = PBXBuildFile; fileRef = 9A6615DE2B7487F4005F2EEB /* Animation1.json */; };
		9A6615E22B7487F4005F2EEB /* Animation2.json in Resources */ = {isa = PBXBuildFile; fileRef = 9A6615DF2B7487F4005F2EEB /* Animation2.json */; };
		9A6615E32B7487F4005F2EEB /* Animation3.json in Resources */ = {isa = PBXBuildFile; fileRef = 9A6615E02B7487F4005F2EEB /* Animation3.json */; };
		9A6615E62B748971005F2EEB /* HomeViewController.swift in Sources */ = {isa = PBXBuildFile; fileRef = 9A6615E52B748971005F2EEB /* HomeViewController.swift */; };
		9A6615E82B74897B005F2EEB /* HomeViewModel.swift in Sources */ = {isa = PBXBuildFile; fileRef = 9A6615E72B74897B005F2EEB /* HomeViewModel.swift */; };
		9A6615EA2B748985005F2EEB /* HomeCoordinator.swift in Sources */ = {isa = PBXBuildFile; fileRef = 9A6615E92B748985005F2EEB /* HomeCoordinator.swift */; };
		9A6615EC2B748A5F005F2EEB /* Home.storyboard in Resources */ = {isa = PBXBuildFile; fileRef = 9A6615EB2B748A5F005F2EEB /* Home.storyboard */; };
		9A968A1E2B9865A7002D16D6 /* PetProfileViewController.swift in Sources */ = {isa = PBXBuildFile; fileRef = 9A968A1D2B9865A7002D16D6 /* PetProfileViewController.swift */; };
		9A968A202B9865B1002D16D6 /* PetProfileViewModel.swift in Sources */ = {isa = PBXBuildFile; fileRef = 9A968A1F2B9865B1002D16D6 /* PetProfileViewModel.swift */; };
		9A968A222B9865BB002D16D6 /* PetProfileCoordinator.swift in Sources */ = {isa = PBXBuildFile; fileRef = 9A968A212B9865BB002D16D6 /* PetProfileCoordinator.swift */; };
		9A968A2C2B9956F7002D16D6 /* MXScrollView.m in Sources */ = {isa = PBXBuildFile; fileRef = 9A968A262B9956F7002D16D6 /* MXScrollView.m */; };
		9A968A2D2B9956F7002D16D6 /* MXParallaxHeader.m in Sources */ = {isa = PBXBuildFile; fileRef = 9A968A272B9956F7002D16D6 /* MXParallaxHeader.m */; };
		9A968A2E2B9956F7002D16D6 /* MXScrollViewController.m in Sources */ = {isa = PBXBuildFile; fileRef = 9A968A282B9956F7002D16D6 /* MXScrollViewController.m */; };
		9ADE14012B6B925B00C0688C /* WelcomeViewController.swift in Sources */ = {isa = PBXBuildFile; fileRef = 9ADE13FE2B6B925B00C0688C /* WelcomeViewController.swift */; };
		9ADE14022B6B925B00C0688C /* WelcomeViewModel.swift in Sources */ = {isa = PBXBuildFile; fileRef = 9ADE13FF2B6B925B00C0688C /* WelcomeViewModel.swift */; };
		9ADE14032B6B925B00C0688C /* WelcomeCoordinator.swift in Sources */ = {isa = PBXBuildFile; fileRef = 9ADE14002B6B925B00C0688C /* WelcomeCoordinator.swift */; };
		9ADE14072B6CDEF000C0688C /* Swinject in Frameworks */ = {isa = PBXBuildFile; productRef = 9ADE14062B6CDEF000C0688C /* Swinject */; };
		9ADE14092B6CDEF000C0688C /* Swinject-Dynamic in Frameworks */ = {isa = PBXBuildFile; productRef = 9ADE14082B6CDEF000C0688C /* Swinject-Dynamic */; };
		9ADE140E2B6CE32500C0688C /* BaseViewController.swift in Sources */ = {isa = PBXBuildFile; fileRef = 9ADE140C2B6CE32500C0688C /* BaseViewController.swift */; };
		9ADE140F2B6CE32500C0688C /* BaseNavigationController.swift in Sources */ = {isa = PBXBuildFile; fileRef = 9ADE140D2B6CE32500C0688C /* BaseNavigationController.swift */; };
		9AF81DFB2B749E3C00E4315E /* PetCell.xib in Resources */ = {isa = PBXBuildFile; fileRef = 9AF81DFA2B749E3C00E4315E /* PetCell.xib */; };
		9AF81DFD2B749E4500E4315E /* PetCell.swift in Sources */ = {isa = PBXBuildFile; fileRef = 9AF81DFC2B749E4500E4315E /* PetCell.swift */; };
		9AF81E002B74A99100E4315E /* UIView.swift in Sources */ = {isa = PBXBuildFile; fileRef = 9AF81DFF2B74A99100E4315E /* UIView.swift */; };
		9AF81E212B75EF6B00E4315E /* SF-Pro-Display-Thin.otf in Resources */ = {isa = PBXBuildFile; fileRef = 9AF81E022B75EF6B00E4315E /* SF-Pro-Display-Thin.otf */; };
		9AF81E222B75EF6B00E4315E /* SF-Pro-Display-SemiboldItalic.otf in Resources */ = {isa = PBXBuildFile; fileRef = 9AF81E032B75EF6B00E4315E /* SF-Pro-Display-SemiboldItalic.otf */; };
		9AF81E232B75EF6B00E4315E /* SF-Pro-Text-Heavy.otf in Resources */ = {isa = PBXBuildFile; fileRef = 9AF81E042B75EF6B00E4315E /* SF-Pro-Text-Heavy.otf */; };
		9AF81E242B75EF6B00E4315E /* SF-Pro-Display-RegularItalic.otf in Resources */ = {isa = PBXBuildFile; fileRef = 9AF81E052B75EF6B00E4315E /* SF-Pro-Display-RegularItalic.otf */; };
		9AF81E252B75EF6B00E4315E /* SF-Pro-Display-Light.otf in Resources */ = {isa = PBXBuildFile; fileRef = 9AF81E062B75EF6B00E4315E /* SF-Pro-Display-Light.otf */; };
		9AF81E262B75EF6B00E4315E /* SF-Pro-Display-Regular.otf in Resources */ = {isa = PBXBuildFile; fileRef = 9AF81E072B75EF6B00E4315E /* SF-Pro-Display-Regular.otf */; };
		9AF81E272B75EF6B00E4315E /* SF-Pro-Text-MediumItalic.otf in Resources */ = {isa = PBXBuildFile; fileRef = 9AF81E082B75EF6B00E4315E /* SF-Pro-Text-MediumItalic.otf */; };
		9AF81E282B75EF6B00E4315E /* SF-Pro-Display-Bold.otf in Resources */ = {isa = PBXBuildFile; fileRef = 9AF81E092B75EF6B00E4315E /* SF-Pro-Display-Bold.otf */; };
		9AF81E292B75EF6B00E4315E /* SF-Pro-Display-Medium.otf in Resources */ = {isa = PBXBuildFile; fileRef = 9AF81E0A2B75EF6B00E4315E /* SF-Pro-Display-Medium.otf */; };
		9AF81E2A2B75EF6B00E4315E /* SF-Pro-Display-Heavy.otf in Resources */ = {isa = PBXBuildFile; fileRef = 9AF81E0B2B75EF6B00E4315E /* SF-Pro-Display-Heavy.otf */; };
		9AF81E2B2B75EF6B00E4315E /* SF-Pro-Text-Light.otf in Resources */ = {isa = PBXBuildFile; fileRef = 9AF81E0C2B75EF6B00E4315E /* SF-Pro-Text-Light.otf */; };
		9AF81E2C2B75EF6B00E4315E /* SF-Pro-Display-Semibold.otf in Resources */ = {isa = PBXBuildFile; fileRef = 9AF81E0D2B75EF6B00E4315E /* SF-Pro-Display-Semibold.otf */; };
		9AF81E2D2B75EF6B00E4315E /* SF-Pro-Text-Regular.otf in Resources */ = {isa = PBXBuildFile; fileRef = 9AF81E0E2B75EF6B00E4315E /* SF-Pro-Text-Regular.otf */; };
		9AF81E2E2B75EF6B00E4315E /* SF-Pro-Text-Bold.otf in Resources */ = {isa = PBXBuildFile; fileRef = 9AF81E0F2B75EF6B00E4315E /* SF-Pro-Text-Bold.otf */; };
		9AF81E2F2B75EF6B00E4315E /* SF-Pro-Display-MediumItalic.otf in Resources */ = {isa = PBXBuildFile; fileRef = 9AF81E102B75EF6B00E4315E /* SF-Pro-Display-MediumItalic.otf */; };
		9AF81E302B75EF6B00E4315E /* SF-Pro-Display-HeavyItalic.otf in Resources */ = {isa = PBXBuildFile; fileRef = 9AF81E112B75EF6B00E4315E /* SF-Pro-Display-HeavyItalic.otf */; };
		9AF81E312B75EF6B00E4315E /* SF-Pro-Display-Ultralight.otf in Resources */ = {isa = PBXBuildFile; fileRef = 9AF81E122B75EF6B00E4315E /* SF-Pro-Display-Ultralight.otf */; };
		9AF81E322B75EF6B00E4315E /* SF-Pro-Display-UltralightItalic.otf in Resources */ = {isa = PBXBuildFile; fileRef = 9AF81E132B75EF6B00E4315E /* SF-Pro-Display-UltralightItalic.otf */; };
		9AF81E332B75EF6B00E4315E /* SF-Pro-Display-LightItalic.otf in Resources */ = {isa = PBXBuildFile; fileRef = 9AF81E142B75EF6B00E4315E /* SF-Pro-Display-LightItalic.otf */; };
		9AF81E342B75EF6B00E4315E /* SF-Pro-Display-BlackItalic.otf in Resources */ = {isa = PBXBuildFile; fileRef = 9AF81E152B75EF6B00E4315E /* SF-Pro-Display-BlackItalic.otf */; };
		9AF81E352B75EF6B00E4315E /* SF-Pro-Display-Black.otf in Resources */ = {isa = PBXBuildFile; fileRef = 9AF81E162B75EF6B00E4315E /* SF-Pro-Display-Black.otf */; };
		9AF81E362B75EF6B00E4315E /* SF-Pro-Text-BoldItalic.otf in Resources */ = {isa = PBXBuildFile; fileRef = 9AF81E172B75EF6B00E4315E /* SF-Pro-Text-BoldItalic.otf */; };
		9AF81E372B75EF6B00E4315E /* SF-Pro-Text-RegularItalic.otf in Resources */ = {isa = PBXBuildFile; fileRef = 9AF81E182B75EF6B00E4315E /* SF-Pro-Text-RegularItalic.otf */; };
		9AF81E382B75EF6B00E4315E /* Roboto-Bold.ttf in Resources */ = {isa = PBXBuildFile; fileRef = 9AF81E192B75EF6B00E4315E /* Roboto-Bold.ttf */; };
		9AF81E392B75EF6B00E4315E /* SF-Pro-Text-Semibold.otf in Resources */ = {isa = PBXBuildFile; fileRef = 9AF81E1A2B75EF6B00E4315E /* SF-Pro-Text-Semibold.otf */; };
		9AF81E3A2B75EF6B00E4315E /* SF-Pro-Text-HeavyItalic.otf in Resources */ = {isa = PBXBuildFile; fileRef = 9AF81E1B2B75EF6B00E4315E /* SF-Pro-Text-HeavyItalic.otf */; };
		9AF81E3B2B75EF6B00E4315E /* SF-Pro-Display-ThinItalic.otf in Resources */ = {isa = PBXBuildFile; fileRef = 9AF81E1C2B75EF6B00E4315E /* SF-Pro-Display-ThinItalic.otf */; };
		9AF81E3C2B75EF6B00E4315E /* SF-Pro-Text-LightItalic.otf in Resources */ = {isa = PBXBuildFile; fileRef = 9AF81E1D2B75EF6B00E4315E /* SF-Pro-Text-LightItalic.otf */; };
		9AF81E3D2B75EF6B00E4315E /* SF-Pro-Text-Medium.otf in Resources */ = {isa = PBXBuildFile; fileRef = 9AF81E1E2B75EF6B00E4315E /* SF-Pro-Text-Medium.otf */; };
		9AF81E3E2B75EF6B00E4315E /* SF-Pro-Display-BoldItalic.otf in Resources */ = {isa = PBXBuildFile; fileRef = 9AF81E1F2B75EF6B00E4315E /* SF-Pro-Display-BoldItalic.otf */; };
		9AF81E3F2B75EF6B00E4315E /* SF-Pro-Text-SemiboldItalic.otf in Resources */ = {isa = PBXBuildFile; fileRef = 9AF81E202B75EF6B00E4315E /* SF-Pro-Text-SemiboldItalic.otf */; };
		9AF81E412B75F42B00E4315E /* GoogleService-Info.plist in Resources */ = {isa = PBXBuildFile; fileRef = 9AF81E402B75F42B00E4315E /* GoogleService-Info.plist */; };
		9AF81E4F2B7604D200E4315E /* FirebaseAuth in Frameworks */ = {isa = PBXBuildFile; productRef = 9AF81E4E2B7604D200E4315E /* FirebaseAuth */; };
		9AF81E512B7604D200E4315E /* FirebaseFirestore in Frameworks */ = {isa = PBXBuildFile; productRef = 9AF81E502B7604D200E4315E /* FirebaseFirestore */; };
		9AF81E532B76104A00E4315E /* TabModel.swift in Sources */ = {isa = PBXBuildFile; fileRef = 9AF81E522B76104A00E4315E /* TabModel.swift */; };
		9AF81E552B761CB800E4315E /* Profile.storyboard in Resources */ = {isa = PBXBuildFile; fileRef = 9AF81E542B761CB800E4315E /* Profile.storyboard */; };
		9AF81E572B761CBF00E4315E /* MyPets.storyboard in Resources */ = {isa = PBXBuildFile; fileRef = 9AF81E562B761CBF00E4315E /* MyPets.storyboard */; };
		9AF81E592B761CC500E4315E /* Appointment.storyboard in Resources */ = {isa = PBXBuildFile; fileRef = 9AF81E582B761CC500E4315E /* Appointment.storyboard */; };
		9AF81E5B2B761CCB00E4315E /* Record.storyboard in Resources */ = {isa = PBXBuildFile; fileRef = 9AF81E5A2B761CCB00E4315E /* Record.storyboard */; };
		9AF81E5D2B761CD300E4315E /* Notification.storyboard in Resources */ = {isa = PBXBuildFile; fileRef = 9AF81E5C2B761CD300E4315E /* Notification.storyboard */; };
		9AF81E5F2B761CDB00E4315E /* Auth.storyboard in Resources */ = {isa = PBXBuildFile; fileRef = 9AF81E5E2B761CDB00E4315E /* Auth.storyboard */; };
		9AF81E642B7632CE00E4315E /* SignInCoordinator.swift in Sources */ = {isa = PBXBuildFile; fileRef = 9AF81E632B7632CE00E4315E /* SignInCoordinator.swift */; };
		9AF81E662B7632DA00E4315E /* SignInViewModel.swift in Sources */ = {isa = PBXBuildFile; fileRef = 9AF81E652B7632DA00E4315E /* SignInViewModel.swift */; };
		9AF81E682B7632E500E4315E /* SignInViewController.swift in Sources */ = {isa = PBXBuildFile; fileRef = 9AF81E672B7632E500E4315E /* SignInViewController.swift */; };
		9AF81E6D2B77311100E4315E /* FloatingLabelInput.swift in Sources */ = {isa = PBXBuildFile; fileRef = 9AF81E6C2B77311100E4315E /* FloatingLabelInput.swift */; };
		9AF81E702B77413800E4315E /* IQKeyboardManagerSwift in Frameworks */ = {isa = PBXBuildFile; productRef = 9AF81E6F2B77413800E4315E /* IQKeyboardManagerSwift */; };
		9AF81E722B7754C100E4315E /* SignUpViewController.swift in Sources */ = {isa = PBXBuildFile; fileRef = 9AF81E712B7754C100E4315E /* SignUpViewController.swift */; };
		9AF81E742B7754C800E4315E /* SignUpViewModel.swift in Sources */ = {isa = PBXBuildFile; fileRef = 9AF81E732B7754C800E4315E /* SignUpViewModel.swift */; };
		9AF81E762B7754D200E4315E /* SignUpCoordinator.swift in Sources */ = {isa = PBXBuildFile; fileRef = 9AF81E752B7754D200E4315E /* SignUpCoordinator.swift */; };
/* End PBXBuildFile section */

/* Begin PBXContainerItemProxy section */
		9A5D42F82B6A175500DAA5F1 /* PBXContainerItemProxy */ = {
			isa = PBXContainerItemProxy;
			containerPortal = 9A5D42D92B6A175400DAA5F1 /* Project object */;
			proxyType = 1;
			remoteGlobalIDString = 9A5D42E02B6A175400DAA5F1;
			remoteInfo = PetClinic;
		};
		9A5D43022B6A175500DAA5F1 /* PBXContainerItemProxy */ = {
			isa = PBXContainerItemProxy;
			containerPortal = 9A5D42D92B6A175400DAA5F1 /* Project object */;
			proxyType = 1;
			remoteGlobalIDString = 9A5D42E02B6A175400DAA5F1;
			remoteInfo = PetClinic;
		};
/* End PBXContainerItemProxy section */

/* Begin PBXFileReference section */
		9A39105B2B77796B00037B9B /* UserManager.swift */ = {isa = PBXFileReference; lastKnownFileType = sourcecode.swift; path = UserManager.swift; sourceTree = "<group>"; };
		9A39105D2B7779EE00037B9B /* UserModel.swift */ = {isa = PBXFileReference; lastKnownFileType = sourcecode.swift; path = UserModel.swift; sourceTree = "<group>"; };
		9A3910602B77F1C400037B9B /* MyPetViewController.swift */ = {isa = PBXFileReference; lastKnownFileType = sourcecode.swift; path = MyPetViewController.swift; sourceTree = "<group>"; };
		9A3910622B77F1CC00037B9B /* MyPetViewModel.swift */ = {isa = PBXFileReference; lastKnownFileType = sourcecode.swift; path = MyPetViewModel.swift; sourceTree = "<group>"; };
		9A3910642B77F1D600037B9B /* MyPetCoordinator.swift */ = {isa = PBXFileReference; lastKnownFileType = sourcecode.swift; path = MyPetCoordinator.swift; sourceTree = "<group>"; };
		9A3910662B77F33100037B9B /* PetManager.swift */ = {isa = PBXFileReference; lastKnownFileType = sourcecode.swift; path = PetManager.swift; sourceTree = "<group>"; };
		9A39106D2B79CF2200037B9B /* AddPetViewController.swift */ = {isa = PBXFileReference; lastKnownFileType = sourcecode.swift; path = AddPetViewController.swift; sourceTree = "<group>"; };
		9A39106F2B79CF2E00037B9B /* AddPetViewModel.swift */ = {isa = PBXFileReference; lastKnownFileType = sourcecode.swift; path = AddPetViewModel.swift; sourceTree = "<group>"; };
		9A3910712B79CF4100037B9B /* AddPetCoordinator.swift */ = {isa = PBXFileReference; lastKnownFileType = sourcecode.swift; path = AddPetCoordinator.swift; sourceTree = "<group>"; };
		9A3910732B79D2EA00037B9B /* AddPet.storyboard */ = {isa = PBXFileReference; lastKnownFileType = file.storyboard; path = AddPet.storyboard; sourceTree = "<group>"; };
		9A3910762B79E55200037B9B /* LocalStorage.swift */ = {isa = PBXFileReference; lastKnownFileType = sourcecode.swift; path = LocalStorage.swift; sourceTree = "<group>"; };
		9A3910782B79E59A00037B9B /* Constants.swift */ = {isa = PBXFileReference; lastKnownFileType = sourcecode.swift; path = Constants.swift; sourceTree = "<group>"; };
		9A5D42E12B6A175400DAA5F1 /* PetClinic.app */ = {isa = PBXFileReference; explicitFileType = wrapper.application; includeInIndex = 0; path = PetClinic.app; sourceTree = BUILT_PRODUCTS_DIR; };
		9A5D42E42B6A175400DAA5F1 /* AppDelegate.swift */ = {isa = PBXFileReference; lastKnownFileType = sourcecode.swift; path = AppDelegate.swift; sourceTree = "<group>"; };
		9A5D42E62B6A175400DAA5F1 /* SceneDelegate.swift */ = {isa = PBXFileReference; lastKnownFileType = sourcecode.swift; path = SceneDelegate.swift; sourceTree = "<group>"; };
		9A5D42ED2B6A175500DAA5F1 /* Assets.xcassets */ = {isa = PBXFileReference; lastKnownFileType = folder.assetcatalog; path = Assets.xcassets; sourceTree = "<group>"; };
		9A5D42F02B6A175500DAA5F1 /* Base */ = {isa = PBXFileReference; lastKnownFileType = file.storyboard; name = Base; path = Base.lproj/LaunchScreen.storyboard; sourceTree = "<group>"; };
		9A5D42F22B6A175500DAA5F1 /* Info.plist */ = {isa = PBXFileReference; lastKnownFileType = text.plist.xml; path = Info.plist; sourceTree = "<group>"; };
		9A5D42F72B6A175500DAA5F1 /* PetClinicTests.xctest */ = {isa = PBXFileReference; explicitFileType = wrapper.cfbundle; includeInIndex = 0; path = PetClinicTests.xctest; sourceTree = BUILT_PRODUCTS_DIR; };
		9A5D42FB2B6A175500DAA5F1 /* PetClinicTests.swift */ = {isa = PBXFileReference; lastKnownFileType = sourcecode.swift; path = PetClinicTests.swift; sourceTree = "<group>"; };
		9A5D43012B6A175500DAA5F1 /* PetClinicUITests.xctest */ = {isa = PBXFileReference; explicitFileType = wrapper.cfbundle; includeInIndex = 0; path = PetClinicUITests.xctest; sourceTree = BUILT_PRODUCTS_DIR; };
		9A5D43052B6A175500DAA5F1 /* PetClinicUITests.swift */ = {isa = PBXFileReference; lastKnownFileType = sourcecode.swift; path = PetClinicUITests.swift; sourceTree = "<group>"; };
		9A5D43072B6A175500DAA5F1 /* PetClinicUITestsLaunchTests.swift */ = {isa = PBXFileReference; lastKnownFileType = sourcecode.swift; path = PetClinicUITestsLaunchTests.swift; sourceTree = "<group>"; };
		9A5D43182B6A42C600DAA5F1 /* AppCoordinator.swift */ = {isa = PBXFileReference; lastKnownFileType = sourcecode.swift; path = AppCoordinator.swift; sourceTree = "<group>"; };
		9A5D431A2B6A42E900DAA5F1 /* BaseCoordinator.swift */ = {isa = PBXFileReference; lastKnownFileType = sourcecode.swift; path = BaseCoordinator.swift; sourceTree = "<group>"; };
		9A6615C02B748182005F2EEB /* Container+ViewModels.swift */ = {isa = PBXFileReference; fileEncoding = 4; lastKnownFileType = sourcecode.swift; path = "Container+ViewModels.swift"; sourceTree = "<group>"; };
		9A6615C12B748182005F2EEB /* Container+RegisterDependencies.swift */ = {isa = PBXFileReference; fileEncoding = 4; lastKnownFileType = sourcecode.swift; path = "Container+RegisterDependencies.swift"; sourceTree = "<group>"; };
		9A6615C22B748182005F2EEB /* Container+Coordinators.swift */ = {isa = PBXFileReference; fileEncoding = 4; lastKnownFileType = sourcecode.swift; path = "Container+Coordinators.swift"; sourceTree = "<group>"; };
		9A6615CA2B74827C005F2EEB /* Storyboarded.swift */ = {isa = PBXFileReference; fileEncoding = 4; lastKnownFileType = sourcecode.swift; path = Storyboarded.swift; sourceTree = "<group>"; };
		9A6615CB2B74827C005F2EEB /* AppStoryboard.swift */ = {isa = PBXFileReference; fileEncoding = 4; lastKnownFileType = sourcecode.swift; path = AppStoryboard.swift; sourceTree = "<group>"; };
		9A6615CE2B74833D005F2EEB /* Welcome.storyboard */ = {isa = PBXFileReference; lastKnownFileType = file.storyboard; path = Welcome.storyboard; sourceTree = "<group>"; };
		9A6615D12B748454005F2EEB /* SlideModel.swift */ = {isa = PBXFileReference; lastKnownFileType = sourcecode.swift; path = SlideModel.swift; sourceTree = "<group>"; };
		9A6615D52B74849F005F2EEB /* OnboardingCell.xib */ = {isa = PBXFileReference; lastKnownFileType = file.xib; path = OnboardingCell.xib; sourceTree = "<group>"; };
		9A6615D72B7484A6005F2EEB /* OnboardingCell.swift */ = {isa = PBXFileReference; lastKnownFileType = sourcecode.swift; path = OnboardingCell.swift; sourceTree = "<group>"; };
		9A6615DE2B7487F4005F2EEB /* Animation1.json */ = {isa = PBXFileReference; fileEncoding = 4; lastKnownFileType = text.json; path = Animation1.json; sourceTree = "<group>"; };
		9A6615DF2B7487F4005F2EEB /* Animation2.json */ = {isa = PBXFileReference; fileEncoding = 4; lastKnownFileType = text.json; path = Animation2.json; sourceTree = "<group>"; };
		9A6615E02B7487F4005F2EEB /* Animation3.json */ = {isa = PBXFileReference; fileEncoding = 4; lastKnownFileType = text.json; path = Animation3.json; sourceTree = "<group>"; };
		9A6615E52B748971005F2EEB /* HomeViewController.swift */ = {isa = PBXFileReference; lastKnownFileType = sourcecode.swift; path = HomeViewController.swift; sourceTree = "<group>"; };
		9A6615E72B74897B005F2EEB /* HomeViewModel.swift */ = {isa = PBXFileReference; lastKnownFileType = sourcecode.swift; path = HomeViewModel.swift; sourceTree = "<group>"; };
		9A6615E92B748985005F2EEB /* HomeCoordinator.swift */ = {isa = PBXFileReference; lastKnownFileType = sourcecode.swift; path = HomeCoordinator.swift; sourceTree = "<group>"; };
		9A6615EB2B748A5F005F2EEB /* Home.storyboard */ = {isa = PBXFileReference; lastKnownFileType = file.storyboard; path = Home.storyboard; sourceTree = "<group>"; };
		9A968A1D2B9865A7002D16D6 /* PetProfileViewController.swift */ = {isa = PBXFileReference; lastKnownFileType = sourcecode.swift; path = PetProfileViewController.swift; sourceTree = "<group>"; };
		9A968A1F2B9865B1002D16D6 /* PetProfileViewModel.swift */ = {isa = PBXFileReference; lastKnownFileType = sourcecode.swift; path = PetProfileViewModel.swift; sourceTree = "<group>"; };
		9A968A212B9865BB002D16D6 /* PetProfileCoordinator.swift */ = {isa = PBXFileReference; lastKnownFileType = sourcecode.swift; path = PetProfileCoordinator.swift; sourceTree = "<group>"; };
		9A968A232B995653002D16D6 /* PetClinic-Bridging-Header.h */ = {isa = PBXFileReference; lastKnownFileType = sourcecode.c.h; path = "PetClinic-Bridging-Header.h"; sourceTree = "<group>"; };
		9A968A262B9956F7002D16D6 /* MXScrollView.m */ = {isa = PBXFileReference; fileEncoding = 4; lastKnownFileType = sourcecode.c.objc; path = MXScrollView.m; sourceTree = "<group>"; };
		9A968A272B9956F7002D16D6 /* MXParallaxHeader.m */ = {isa = PBXFileReference; fileEncoding = 4; lastKnownFileType = sourcecode.c.objc; path = MXParallaxHeader.m; sourceTree = "<group>"; };
		9A968A282B9956F7002D16D6 /* MXScrollViewController.m */ = {isa = PBXFileReference; fileEncoding = 4; lastKnownFileType = sourcecode.c.objc; path = MXScrollViewController.m; sourceTree = "<group>"; };
		9A968A292B9956F7002D16D6 /* MXScrollView.h */ = {isa = PBXFileReference; fileEncoding = 4; lastKnownFileType = sourcecode.c.h; path = MXScrollView.h; sourceTree = "<group>"; };
		9A968A2A2B9956F7002D16D6 /* MXParallaxHeader.h */ = {isa = PBXFileReference; fileEncoding = 4; lastKnownFileType = sourcecode.c.h; path = MXParallaxHeader.h; sourceTree = "<group>"; };
		9A968A2B2B9956F7002D16D6 /* MXScrollViewController.h */ = {isa = PBXFileReference; fileEncoding = 4; lastKnownFileType = sourcecode.c.h; path = MXScrollViewController.h; sourceTree = "<group>"; };
		9ADE13FE2B6B925B00C0688C /* WelcomeViewController.swift */ = {isa = PBXFileReference; fileEncoding = 4; lastKnownFileType = sourcecode.swift; path = WelcomeViewController.swift; sourceTree = "<group>"; };
		9ADE13FF2B6B925B00C0688C /* WelcomeViewModel.swift */ = {isa = PBXFileReference; fileEncoding = 4; lastKnownFileType = sourcecode.swift; path = WelcomeViewModel.swift; sourceTree = "<group>"; };
		9ADE14002B6B925B00C0688C /* WelcomeCoordinator.swift */ = {isa = PBXFileReference; fileEncoding = 4; lastKnownFileType = sourcecode.swift; path = WelcomeCoordinator.swift; sourceTree = "<group>"; };
		9ADE140C2B6CE32500C0688C /* BaseViewController.swift */ = {isa = PBXFileReference; fileEncoding = 4; lastKnownFileType = sourcecode.swift; path = BaseViewController.swift; sourceTree = "<group>"; };
		9ADE140D2B6CE32500C0688C /* BaseNavigationController.swift */ = {isa = PBXFileReference; fileEncoding = 4; lastKnownFileType = sourcecode.swift; path = BaseNavigationController.swift; sourceTree = "<group>"; };
		9AF81DFA2B749E3C00E4315E /* PetCell.xib */ = {isa = PBXFileReference; lastKnownFileType = file.xib; path = PetCell.xib; sourceTree = "<group>"; };
		9AF81DFC2B749E4500E4315E /* PetCell.swift */ = {isa = PBXFileReference; lastKnownFileType = sourcecode.swift; path = PetCell.swift; sourceTree = "<group>"; };
		9AF81DFF2B74A99100E4315E /* UIView.swift */ = {isa = PBXFileReference; lastKnownFileType = sourcecode.swift; path = UIView.swift; sourceTree = "<group>"; };
		9AF81E022B75EF6B00E4315E /* SF-Pro-Display-Thin.otf */ = {isa = PBXFileReference; lastKnownFileType = file; path = "SF-Pro-Display-Thin.otf"; sourceTree = "<group>"; };
		9AF81E032B75EF6B00E4315E /* SF-Pro-Display-SemiboldItalic.otf */ = {isa = PBXFileReference; lastKnownFileType = file; path = "SF-Pro-Display-SemiboldItalic.otf"; sourceTree = "<group>"; };
		9AF81E042B75EF6B00E4315E /* SF-Pro-Text-Heavy.otf */ = {isa = PBXFileReference; lastKnownFileType = file; path = "SF-Pro-Text-Heavy.otf"; sourceTree = "<group>"; };
		9AF81E052B75EF6B00E4315E /* SF-Pro-Display-RegularItalic.otf */ = {isa = PBXFileReference; lastKnownFileType = file; path = "SF-Pro-Display-RegularItalic.otf"; sourceTree = "<group>"; };
		9AF81E062B75EF6B00E4315E /* SF-Pro-Display-Light.otf */ = {isa = PBXFileReference; lastKnownFileType = file; path = "SF-Pro-Display-Light.otf"; sourceTree = "<group>"; };
		9AF81E072B75EF6B00E4315E /* SF-Pro-Display-Regular.otf */ = {isa = PBXFileReference; lastKnownFileType = file; path = "SF-Pro-Display-Regular.otf"; sourceTree = "<group>"; };
		9AF81E082B75EF6B00E4315E /* SF-Pro-Text-MediumItalic.otf */ = {isa = PBXFileReference; lastKnownFileType = file; path = "SF-Pro-Text-MediumItalic.otf"; sourceTree = "<group>"; };
		9AF81E092B75EF6B00E4315E /* SF-Pro-Display-Bold.otf */ = {isa = PBXFileReference; lastKnownFileType = file; path = "SF-Pro-Display-Bold.otf"; sourceTree = "<group>"; };
		9AF81E0A2B75EF6B00E4315E /* SF-Pro-Display-Medium.otf */ = {isa = PBXFileReference; lastKnownFileType = file; path = "SF-Pro-Display-Medium.otf"; sourceTree = "<group>"; };
		9AF81E0B2B75EF6B00E4315E /* SF-Pro-Display-Heavy.otf */ = {isa = PBXFileReference; lastKnownFileType = file; path = "SF-Pro-Display-Heavy.otf"; sourceTree = "<group>"; };
		9AF81E0C2B75EF6B00E4315E /* SF-Pro-Text-Light.otf */ = {isa = PBXFileReference; lastKnownFileType = file; path = "SF-Pro-Text-Light.otf"; sourceTree = "<group>"; };
		9AF81E0D2B75EF6B00E4315E /* SF-Pro-Display-Semibold.otf */ = {isa = PBXFileReference; lastKnownFileType = file; path = "SF-Pro-Display-Semibold.otf"; sourceTree = "<group>"; };
		9AF81E0E2B75EF6B00E4315E /* SF-Pro-Text-Regular.otf */ = {isa = PBXFileReference; lastKnownFileType = file; path = "SF-Pro-Text-Regular.otf"; sourceTree = "<group>"; };
		9AF81E0F2B75EF6B00E4315E /* SF-Pro-Text-Bold.otf */ = {isa = PBXFileReference; lastKnownFileType = file; path = "SF-Pro-Text-Bold.otf"; sourceTree = "<group>"; };
		9AF81E102B75EF6B00E4315E /* SF-Pro-Display-MediumItalic.otf */ = {isa = PBXFileReference; lastKnownFileType = file; path = "SF-Pro-Display-MediumItalic.otf"; sourceTree = "<group>"; };
		9AF81E112B75EF6B00E4315E /* SF-Pro-Display-HeavyItalic.otf */ = {isa = PBXFileReference; lastKnownFileType = file; path = "SF-Pro-Display-HeavyItalic.otf"; sourceTree = "<group>"; };
		9AF81E122B75EF6B00E4315E /* SF-Pro-Display-Ultralight.otf */ = {isa = PBXFileReference; lastKnownFileType = file; path = "SF-Pro-Display-Ultralight.otf"; sourceTree = "<group>"; };
		9AF81E132B75EF6B00E4315E /* SF-Pro-Display-UltralightItalic.otf */ = {isa = PBXFileReference; lastKnownFileType = file; path = "SF-Pro-Display-UltralightItalic.otf"; sourceTree = "<group>"; };
		9AF81E142B75EF6B00E4315E /* SF-Pro-Display-LightItalic.otf */ = {isa = PBXFileReference; lastKnownFileType = file; path = "SF-Pro-Display-LightItalic.otf"; sourceTree = "<group>"; };
		9AF81E152B75EF6B00E4315E /* SF-Pro-Display-BlackItalic.otf */ = {isa = PBXFileReference; lastKnownFileType = file; path = "SF-Pro-Display-BlackItalic.otf"; sourceTree = "<group>"; };
		9AF81E162B75EF6B00E4315E /* SF-Pro-Display-Black.otf */ = {isa = PBXFileReference; lastKnownFileType = file; path = "SF-Pro-Display-Black.otf"; sourceTree = "<group>"; };
		9AF81E172B75EF6B00E4315E /* SF-Pro-Text-BoldItalic.otf */ = {isa = PBXFileReference; lastKnownFileType = file; path = "SF-Pro-Text-BoldItalic.otf"; sourceTree = "<group>"; };
		9AF81E182B75EF6B00E4315E /* SF-Pro-Text-RegularItalic.otf */ = {isa = PBXFileReference; lastKnownFileType = file; path = "SF-Pro-Text-RegularItalic.otf"; sourceTree = "<group>"; };
		9AF81E192B75EF6B00E4315E /* Roboto-Bold.ttf */ = {isa = PBXFileReference; lastKnownFileType = file; path = "Roboto-Bold.ttf"; sourceTree = "<group>"; };
		9AF81E1A2B75EF6B00E4315E /* SF-Pro-Text-Semibold.otf */ = {isa = PBXFileReference; lastKnownFileType = file; path = "SF-Pro-Text-Semibold.otf"; sourceTree = "<group>"; };
		9AF81E1B2B75EF6B00E4315E /* SF-Pro-Text-HeavyItalic.otf */ = {isa = PBXFileReference; lastKnownFileType = file; path = "SF-Pro-Text-HeavyItalic.otf"; sourceTree = "<group>"; };
		9AF81E1C2B75EF6B00E4315E /* SF-Pro-Display-ThinItalic.otf */ = {isa = PBXFileReference; lastKnownFileType = file; path = "SF-Pro-Display-ThinItalic.otf"; sourceTree = "<group>"; };
		9AF81E1D2B75EF6B00E4315E /* SF-Pro-Text-LightItalic.otf */ = {isa = PBXFileReference; lastKnownFileType = file; path = "SF-Pro-Text-LightItalic.otf"; sourceTree = "<group>"; };
		9AF81E1E2B75EF6B00E4315E /* SF-Pro-Text-Medium.otf */ = {isa = PBXFileReference; lastKnownFileType = file; path = "SF-Pro-Text-Medium.otf"; sourceTree = "<group>"; };
		9AF81E1F2B75EF6B00E4315E /* SF-Pro-Display-BoldItalic.otf */ = {isa = PBXFileReference; lastKnownFileType = file; path = "SF-Pro-Display-BoldItalic.otf"; sourceTree = "<group>"; };
		9AF81E202B75EF6B00E4315E /* SF-Pro-Text-SemiboldItalic.otf */ = {isa = PBXFileReference; lastKnownFileType = file; path = "SF-Pro-Text-SemiboldItalic.otf"; sourceTree = "<group>"; };
		9AF81E402B75F42B00E4315E /* GoogleService-Info.plist */ = {isa = PBXFileReference; fileEncoding = 4; lastKnownFileType = text.plist.xml; path = "GoogleService-Info.plist"; sourceTree = "<group>"; };
		9AF81E522B76104A00E4315E /* TabModel.swift */ = {isa = PBXFileReference; lastKnownFileType = sourcecode.swift; path = TabModel.swift; sourceTree = "<group>"; };
		9AF81E542B761CB800E4315E /* Profile.storyboard */ = {isa = PBXFileReference; lastKnownFileType = file.storyboard; path = Profile.storyboard; sourceTree = "<group>"; };
		9AF81E562B761CBF00E4315E /* MyPets.storyboard */ = {isa = PBXFileReference; lastKnownFileType = file.storyboard; path = MyPets.storyboard; sourceTree = "<group>"; };
		9AF81E582B761CC500E4315E /* Appointment.storyboard */ = {isa = PBXFileReference; lastKnownFileType = file.storyboard; path = Appointment.storyboard; sourceTree = "<group>"; };
		9AF81E5A2B761CCB00E4315E /* Record.storyboard */ = {isa = PBXFileReference; lastKnownFileType = file.storyboard; path = Record.storyboard; sourceTree = "<group>"; };
		9AF81E5C2B761CD300E4315E /* Notification.storyboard */ = {isa = PBXFileReference; lastKnownFileType = file.storyboard; path = Notification.storyboard; sourceTree = "<group>"; };
		9AF81E5E2B761CDB00E4315E /* Auth.storyboard */ = {isa = PBXFileReference; lastKnownFileType = file.storyboard; path = Auth.storyboard; sourceTree = "<group>"; };
		9AF81E632B7632CE00E4315E /* SignInCoordinator.swift */ = {isa = PBXFileReference; lastKnownFileType = sourcecode.swift; path = SignInCoordinator.swift; sourceTree = "<group>"; };
		9AF81E652B7632DA00E4315E /* SignInViewModel.swift */ = {isa = PBXFileReference; lastKnownFileType = sourcecode.swift; path = SignInViewModel.swift; sourceTree = "<group>"; };
		9AF81E672B7632E500E4315E /* SignInViewController.swift */ = {isa = PBXFileReference; lastKnownFileType = sourcecode.swift; path = SignInViewController.swift; sourceTree = "<group>"; };
		9AF81E6C2B77311100E4315E /* FloatingLabelInput.swift */ = {isa = PBXFileReference; lastKnownFileType = sourcecode.swift; path = FloatingLabelInput.swift; sourceTree = "<group>"; };
		9AF81E712B7754C100E4315E /* SignUpViewController.swift */ = {isa = PBXFileReference; lastKnownFileType = sourcecode.swift; path = SignUpViewController.swift; sourceTree = "<group>"; };
		9AF81E732B7754C800E4315E /* SignUpViewModel.swift */ = {isa = PBXFileReference; lastKnownFileType = sourcecode.swift; path = SignUpViewModel.swift; sourceTree = "<group>"; };
		9AF81E752B7754D200E4315E /* SignUpCoordinator.swift */ = {isa = PBXFileReference; lastKnownFileType = sourcecode.swift; path = SignUpCoordinator.swift; sourceTree = "<group>"; };
/* End PBXFileReference section */

/* Begin PBXFrameworksBuildPhase section */
		9A5D42DE2B6A175400DAA5F1 /* Frameworks */ = {
			isa = PBXFrameworksBuildPhase;
			buildActionMask = 2147483647;
			files = (
				9A6615DB2B74852E005F2EEB /* Lottie in Frameworks */,
				9AF81E702B77413800E4315E /* IQKeyboardManagerSwift in Frameworks */,
				9AF81E4F2B7604D200E4315E /* FirebaseAuth in Frameworks */,
				9ADE14072B6CDEF000C0688C /* Swinject in Frameworks */,
				9ADE14092B6CDEF000C0688C /* Swinject-Dynamic in Frameworks */,
				9A6615BE2B747E6C005F2EEB /* FirebaseAnalytics in Frameworks */,
				9A6615C82B7481DA005F2EEB /* SwinjectAutoregistration in Frameworks */,
				9AF81E512B7604D200E4315E /* FirebaseFirestore in Frameworks */,
				9A0E6CA42B9AEB0A005F651B /* XLPagerTabStrip in Frameworks */,
			);
			runOnlyForDeploymentPostprocessing = 0;
		};
		9A5D42F42B6A175500DAA5F1 /* Frameworks */ = {
			isa = PBXFrameworksBuildPhase;
			buildActionMask = 2147483647;
			files = (
			);
			runOnlyForDeploymentPostprocessing = 0;
		};
		9A5D42FE2B6A175500DAA5F1 /* Frameworks */ = {
			isa = PBXFrameworksBuildPhase;
			buildActionMask = 2147483647;
			files = (
			);
			runOnlyForDeploymentPostprocessing = 0;
		};
/* End PBXFrameworksBuildPhase section */

/* Begin PBXGroup section */
		9A39105A2B77795500037B9B /* Services */ = {
			isa = PBXGroup;
			children = (
				9A39105B2B77796B00037B9B /* UserManager.swift */,
				9A3910662B77F33100037B9B /* PetManager.swift */,
			);
			path = Services;
			sourceTree = "<group>";
		};
		9A39105F2B77F1AD00037B9B /* MyPets */ = {
			isa = PBXGroup;
			children = (
				9A3910602B77F1C400037B9B /* MyPetViewController.swift */,
				9A3910622B77F1CC00037B9B /* MyPetViewModel.swift */,
				9A3910642B77F1D600037B9B /* MyPetCoordinator.swift */,
			);
			path = MyPets;
			sourceTree = "<group>";
		};
		9A39106C2B79CEFE00037B9B /* AddPet */ = {
			isa = PBXGroup;
			children = (
				9A39106D2B79CF2200037B9B /* AddPetViewController.swift */,
				9A39106F2B79CF2E00037B9B /* AddPetViewModel.swift */,
				9A3910712B79CF4100037B9B /* AddPetCoordinator.swift */,
			);
			path = AddPet;
			sourceTree = "<group>";
		};
		9A3910752B79E53C00037B9B /* Utils */ = {
			isa = PBXGroup;
			children = (
				9A3910762B79E55200037B9B /* LocalStorage.swift */,
			);
			path = Utils;
			sourceTree = "<group>";
		};
		9A5D42D82B6A175400DAA5F1 = {
			isa = PBXGroup;
			children = (
				9A5D42E32B6A175400DAA5F1 /* PetClinic */,
				9A5D42FA2B6A175500DAA5F1 /* PetClinicTests */,
				9A5D43042B6A175500DAA5F1 /* PetClinicUITests */,
				9A5D42E22B6A175400DAA5F1 /* Products */,
			);
			sourceTree = "<group>";
		};
		9A5D42E22B6A175400DAA5F1 /* Products */ = {
			isa = PBXGroup;
			children = (
				9A5D42E12B6A175400DAA5F1 /* PetClinic.app */,
				9A5D42F72B6A175500DAA5F1 /* PetClinicTests.xctest */,
				9A5D43012B6A175500DAA5F1 /* PetClinicUITests.xctest */,
			);
			name = Products;
			sourceTree = "<group>";
		};
		9A5D42E32B6A175400DAA5F1 /* PetClinic */ = {
			isa = PBXGroup;
			children = (
				9A5D43162B6A42AB00DAA5F1 /* Application */,
				9ADE140A2B6CE32500C0688C /* Common */,
				9A968A242B9956F7002D16D6 /* Libs */,
				9A39105A2B77795500037B9B /* Services */,
				9A6615D02B74844B005F2EEB /* Model */,
				9ADE14042B6B931200C0688C /* Storyboards */,
				9ADE13FC2B6B925B00C0688C /* ViewControllers */,
				9A6615D32B748489005F2EEB /* Views */,
				9A6615DC2B7487F4005F2EEB /* SupportingFiles */,
			);
			path = PetClinic;
			sourceTree = "<group>";
		};
		9A5D42FA2B6A175500DAA5F1 /* PetClinicTests */ = {
			isa = PBXGroup;
			children = (
				9A5D42FB2B6A175500DAA5F1 /* PetClinicTests.swift */,
			);
			path = PetClinicTests;
			sourceTree = "<group>";
		};
		9A5D43042B6A175500DAA5F1 /* PetClinicUITests */ = {
			isa = PBXGroup;
			children = (
				9A5D43052B6A175500DAA5F1 /* PetClinicUITests.swift */,
				9A5D43072B6A175500DAA5F1 /* PetClinicUITestsLaunchTests.swift */,
			);
			path = PetClinicUITests;
			sourceTree = "<group>";
		};
		9A5D43162B6A42AB00DAA5F1 /* Application */ = {
			isa = PBXGroup;
			children = (
				9A5D42E42B6A175400DAA5F1 /* AppDelegate.swift */,
				9A5D42E62B6A175400DAA5F1 /* SceneDelegate.swift */,
				9A5D43172B6A42B400DAA5F1 /* Coordinator */,
				9A6615BF2B748182005F2EEB /* DependencyInjection */,
			);
			path = Application;
			sourceTree = "<group>";
		};
		9A5D43172B6A42B400DAA5F1 /* Coordinator */ = {
			isa = PBXGroup;
			children = (
				9A5D43182B6A42C600DAA5F1 /* AppCoordinator.swift */,
				9A5D431A2B6A42E900DAA5F1 /* BaseCoordinator.swift */,
			);
			path = Coordinator;
			sourceTree = "<group>";
		};
		9A6615BF2B748182005F2EEB /* DependencyInjection */ = {
			isa = PBXGroup;
			children = (
				9A6615C02B748182005F2EEB /* Container+ViewModels.swift */,
				9A6615C12B748182005F2EEB /* Container+RegisterDependencies.swift */,
				9A6615C22B748182005F2EEB /* Container+Coordinators.swift */,
			);
			path = DependencyInjection;
			sourceTree = "<group>";
		};
		9A6615C92B74827C005F2EEB /* Protocols */ = {
			isa = PBXGroup;
			children = (
				9A6615CA2B74827C005F2EEB /* Storyboarded.swift */,
				9A6615CB2B74827C005F2EEB /* AppStoryboard.swift */,
			);
			path = Protocols;
			sourceTree = "<group>";
		};
		9A6615D02B74844B005F2EEB /* Model */ = {
			isa = PBXGroup;
			children = (
				9A6615D12B748454005F2EEB /* SlideModel.swift */,
				9AF81E522B76104A00E4315E /* TabModel.swift */,
				9A39105D2B7779EE00037B9B /* UserModel.swift */,
			);
			path = Model;
			sourceTree = "<group>";
		};
		9A6615D32B748489005F2EEB /* Views */ = {
			isa = PBXGroup;
			children = (
				9AF81DF82B749E1F00E4315E /* CustomCells */,
			);
			path = Views;
			sourceTree = "<group>";
		};
		9A6615D42B748492005F2EEB /* Onboarding */ = {
			isa = PBXGroup;
			children = (
				9A6615D52B74849F005F2EEB /* OnboardingCell.xib */,
				9A6615D72B7484A6005F2EEB /* OnboardingCell.swift */,
			);
			path = Onboarding;
			sourceTree = "<group>";
		};
		9A6615DC2B7487F4005F2EEB /* SupportingFiles */ = {
			isa = PBXGroup;
			children = (
				9A5D42ED2B6A175500DAA5F1 /* Assets.xcassets */,
				9A5D42EF2B6A175500DAA5F1 /* LaunchScreen.storyboard */,
				9A5D42F22B6A175500DAA5F1 /* Info.plist */,
				9AF81E402B75F42B00E4315E /* GoogleService-Info.plist */,
				9A968A232B995653002D16D6 /* PetClinic-Bridging-Header.h */,
				9AF81E012B75EF6B00E4315E /* Fonts */,
				9A6615DD2B7487F4005F2EEB /* Images */,
			);
			path = SupportingFiles;
			sourceTree = "<group>";
		};
		9A6615DD2B7487F4005F2EEB /* Images */ = {
			isa = PBXGroup;
			children = (
				9AF81E422B75FEB800E4315E /* Animation */,
			);
			path = Images;
			sourceTree = "<group>";
		};
		9A6615E42B748964005F2EEB /* Home */ = {
			isa = PBXGroup;
			children = (
				9A6615E52B748971005F2EEB /* HomeViewController.swift */,
				9A6615E72B74897B005F2EEB /* HomeViewModel.swift */,
				9A6615E92B748985005F2EEB /* HomeCoordinator.swift */,
			);
			path = Home;
			sourceTree = "<group>";
		};
		9A968A1B2B98658B002D16D6 /* PetProfile */ = {
			isa = PBXGroup;
			children = (
				9A968A1D2B9865A7002D16D6 /* PetProfileViewController.swift */,
				9A968A1F2B9865B1002D16D6 /* PetProfileViewModel.swift */,
				9A968A212B9865BB002D16D6 /* PetProfileCoordinator.swift */,
			);
			path = PetProfile;
			sourceTree = "<group>";
		};
		9A968A242B9956F7002D16D6 /* Libs */ = {
			isa = PBXGroup;
			children = (
				9A968A252B9956F7002D16D6 /* MXParallaxHeader */,
			);
			path = Libs;
			sourceTree = "<group>";
		};
		9A968A252B9956F7002D16D6 /* MXParallaxHeader */ = {
			isa = PBXGroup;
			children = (
				9A968A262B9956F7002D16D6 /* MXScrollView.m */,
				9A968A272B9956F7002D16D6 /* MXParallaxHeader.m */,
				9A968A282B9956F7002D16D6 /* MXScrollViewController.m */,
				9A968A292B9956F7002D16D6 /* MXScrollView.h */,
				9A968A2A2B9956F7002D16D6 /* MXParallaxHeader.h */,
				9A968A2B2B9956F7002D16D6 /* MXScrollViewController.h */,
			);
			path = MXParallaxHeader;
			sourceTree = "<group>";
		};
		9ADE13FC2B6B925B00C0688C /* ViewControllers */ = {
			isa = PBXGroup;
			children = (
				9AF81E602B7632B200E4315E /* Auth */,
				9ADE13FD2B6B925B00C0688C /* Welcome */,
				9A6615E42B748964005F2EEB /* Home */,
				9A39105F2B77F1AD00037B9B /* MyPets */,
				9A968A1B2B98658B002D16D6 /* PetProfile */,
				9A39106C2B79CEFE00037B9B /* AddPet */,
			);
			path = ViewControllers;
			sourceTree = "<group>";
		};
		9ADE13FD2B6B925B00C0688C /* Welcome */ = {
			isa = PBXGroup;
			children = (
				9ADE13FE2B6B925B00C0688C /* WelcomeViewController.swift */,
				9ADE13FF2B6B925B00C0688C /* WelcomeViewModel.swift */,
				9ADE14002B6B925B00C0688C /* WelcomeCoordinator.swift */,
			);
			path = Welcome;
			sourceTree = "<group>";
		};
		9ADE14042B6B931200C0688C /* Storyboards */ = {
			isa = PBXGroup;
			children = (
				9A6615CE2B74833D005F2EEB /* Welcome.storyboard */,
				9A6615EB2B748A5F005F2EEB /* Home.storyboard */,
				9AF81E542B761CB800E4315E /* Profile.storyboard */,
				9AF81E562B761CBF00E4315E /* MyPets.storyboard */,
				9AF81E582B761CC500E4315E /* Appointment.storyboard */,
				9AF81E5A2B761CCB00E4315E /* Record.storyboard */,
				9AF81E5C2B761CD300E4315E /* Notification.storyboard */,
				9AF81E5E2B761CDB00E4315E /* Auth.storyboard */,
				9A3910732B79D2EA00037B9B /* AddPet.storyboard */,
			);
			path = Storyboards;
			sourceTree = "<group>";
		};
		9ADE140A2B6CE32500C0688C /* Common */ = {
			isa = PBXGroup;
			children = (
				9A3910752B79E53C00037B9B /* Utils */,
				9ADE140B2B6CE32500C0688C /* Base */,
				9AF81DFE2B74A98600E4315E /* Extension */,
				9A6615C92B74827C005F2EEB /* Protocols */,
				9AF81E6B2B7730FB00E4315E /* Libs */,
				9A3910782B79E59A00037B9B /* Constants.swift */,
			);
			path = Common;
			sourceTree = "<group>";
		};
		9ADE140B2B6CE32500C0688C /* Base */ = {
			isa = PBXGroup;
			children = (
				9ADE140C2B6CE32500C0688C /* BaseViewController.swift */,
				9ADE140D2B6CE32500C0688C /* BaseNavigationController.swift */,
			);
			path = Base;
			sourceTree = "<group>";
		};
		9AF81DF82B749E1F00E4315E /* CustomCells */ = {
			isa = PBXGroup;
			children = (
				9AF81DF92B749E2A00E4315E /* Pets */,
				9A6615D42B748492005F2EEB /* Onboarding */,
			);
			path = CustomCells;
			sourceTree = "<group>";
		};
		9AF81DF92B749E2A00E4315E /* Pets */ = {
			isa = PBXGroup;
			children = (
				9AF81DFA2B749E3C00E4315E /* PetCell.xib */,
				9AF81DFC2B749E4500E4315E /* PetCell.swift */,
			);
			path = Pets;
			sourceTree = "<group>";
		};
		9AF81DFE2B74A98600E4315E /* Extension */ = {
			isa = PBXGroup;
			children = (
				9AF81DFF2B74A99100E4315E /* UIView.swift */,
			);
			path = Extension;
			sourceTree = "<group>";
		};
		9AF81E012B75EF6B00E4315E /* Fonts */ = {
			isa = PBXGroup;
			children = (
				9AF81E022B75EF6B00E4315E /* SF-Pro-Display-Thin.otf */,
				9AF81E032B75EF6B00E4315E /* SF-Pro-Display-SemiboldItalic.otf */,
				9AF81E042B75EF6B00E4315E /* SF-Pro-Text-Heavy.otf */,
				9AF81E052B75EF6B00E4315E /* SF-Pro-Display-RegularItalic.otf */,
				9AF81E062B75EF6B00E4315E /* SF-Pro-Display-Light.otf */,
				9AF81E072B75EF6B00E4315E /* SF-Pro-Display-Regular.otf */,
				9AF81E082B75EF6B00E4315E /* SF-Pro-Text-MediumItalic.otf */,
				9AF81E092B75EF6B00E4315E /* SF-Pro-Display-Bold.otf */,
				9AF81E0A2B75EF6B00E4315E /* SF-Pro-Display-Medium.otf */,
				9AF81E0B2B75EF6B00E4315E /* SF-Pro-Display-Heavy.otf */,
				9AF81E0C2B75EF6B00E4315E /* SF-Pro-Text-Light.otf */,
				9AF81E0D2B75EF6B00E4315E /* SF-Pro-Display-Semibold.otf */,
				9AF81E0E2B75EF6B00E4315E /* SF-Pro-Text-Regular.otf */,
				9AF81E0F2B75EF6B00E4315E /* SF-Pro-Text-Bold.otf */,
				9AF81E102B75EF6B00E4315E /* SF-Pro-Display-MediumItalic.otf */,
				9AF81E112B75EF6B00E4315E /* SF-Pro-Display-HeavyItalic.otf */,
				9AF81E122B75EF6B00E4315E /* SF-Pro-Display-Ultralight.otf */,
				9AF81E132B75EF6B00E4315E /* SF-Pro-Display-UltralightItalic.otf */,
				9AF81E142B75EF6B00E4315E /* SF-Pro-Display-LightItalic.otf */,
				9AF81E152B75EF6B00E4315E /* SF-Pro-Display-BlackItalic.otf */,
				9AF81E162B75EF6B00E4315E /* SF-Pro-Display-Black.otf */,
				9AF81E172B75EF6B00E4315E /* SF-Pro-Text-BoldItalic.otf */,
				9AF81E182B75EF6B00E4315E /* SF-Pro-Text-RegularItalic.otf */,
				9AF81E192B75EF6B00E4315E /* Roboto-Bold.ttf */,
				9AF81E1A2B75EF6B00E4315E /* SF-Pro-Text-Semibold.otf */,
				9AF81E1B2B75EF6B00E4315E /* SF-Pro-Text-HeavyItalic.otf */,
				9AF81E1C2B75EF6B00E4315E /* SF-Pro-Display-ThinItalic.otf */,
				9AF81E1D2B75EF6B00E4315E /* SF-Pro-Text-LightItalic.otf */,
				9AF81E1E2B75EF6B00E4315E /* SF-Pro-Text-Medium.otf */,
				9AF81E1F2B75EF6B00E4315E /* SF-Pro-Display-BoldItalic.otf */,
				9AF81E202B75EF6B00E4315E /* SF-Pro-Text-SemiboldItalic.otf */,
			);
			path = Fonts;
			sourceTree = "<group>";
		};
		9AF81E422B75FEB800E4315E /* Animation */ = {
			isa = PBXGroup;
			children = (
				9A6615DE2B7487F4005F2EEB /* Animation1.json */,
				9A6615DF2B7487F4005F2EEB /* Animation2.json */,
				9A6615E02B7487F4005F2EEB /* Animation3.json */,
			);
			path = Animation;
			sourceTree = "<group>";
		};
		9AF81E602B7632B200E4315E /* Auth */ = {
			isa = PBXGroup;
			children = (
				9AF81E612B7632B600E4315E /* SignIn */,
				9AF81E622B7632BD00E4315E /* SignUp */,
			);
			path = Auth;
			sourceTree = "<group>";
		};
		9AF81E612B7632B600E4315E /* SignIn */ = {
			isa = PBXGroup;
			children = (
				9AF81E672B7632E500E4315E /* SignInViewController.swift */,
				9AF81E652B7632DA00E4315E /* SignInViewModel.swift */,
				9AF81E632B7632CE00E4315E /* SignInCoordinator.swift */,
			);
			path = SignIn;
			sourceTree = "<group>";
		};
		9AF81E622B7632BD00E4315E /* SignUp */ = {
			isa = PBXGroup;
			children = (
				9AF81E712B7754C100E4315E /* SignUpViewController.swift */,
				9AF81E732B7754C800E4315E /* SignUpViewModel.swift */,
				9AF81E752B7754D200E4315E /* SignUpCoordinator.swift */,
			);
			path = SignUp;
			sourceTree = "<group>";
		};
		9AF81E6B2B7730FB00E4315E /* Libs */ = {
			isa = PBXGroup;
			children = (
				9AF81E6C2B77311100E4315E /* FloatingLabelInput.swift */,
			);
			path = Libs;
			sourceTree = "<group>";
		};
/* End PBXGroup section */

/* Begin PBXNativeTarget section */
		9A5D42E02B6A175400DAA5F1 /* PetClinic */ = {
			isa = PBXNativeTarget;
			buildConfigurationList = 9A5D430B2B6A175500DAA5F1 /* Build configuration list for PBXNativeTarget "PetClinic" */;
			buildPhases = (
				9A5D42DD2B6A175400DAA5F1 /* Sources */,
				9A5D42DE2B6A175400DAA5F1 /* Frameworks */,
				9A5D42DF2B6A175400DAA5F1 /* Resources */,
			);
			buildRules = (
			);
			dependencies = (
			);
			name = PetClinic;
			packageProductDependencies = (
				9ADE14062B6CDEF000C0688C /* Swinject */,
				9ADE14082B6CDEF000C0688C /* Swinject-Dynamic */,
				9A6615BD2B747E6C005F2EEB /* FirebaseAnalytics */,
				9A6615C72B7481DA005F2EEB /* SwinjectAutoregistration */,
				9A6615DA2B74852E005F2EEB /* Lottie */,
				9AF81E4E2B7604D200E4315E /* FirebaseAuth */,
				9AF81E502B7604D200E4315E /* FirebaseFirestore */,
				9AF81E6F2B77413800E4315E /* IQKeyboardManagerSwift */,
				9A0E6CA32B9AEB0A005F651B /* XLPagerTabStrip */,
			);
			productName = PetClinic;
			productReference = 9A5D42E12B6A175400DAA5F1 /* PetClinic.app */;
			productType = "com.apple.product-type.application";
		};
		9A5D42F62B6A175500DAA5F1 /* PetClinicTests */ = {
			isa = PBXNativeTarget;
			buildConfigurationList = 9A5D430E2B6A175500DAA5F1 /* Build configuration list for PBXNativeTarget "PetClinicTests" */;
			buildPhases = (
				9A5D42F32B6A175500DAA5F1 /* Sources */,
				9A5D42F42B6A175500DAA5F1 /* Frameworks */,
				9A5D42F52B6A175500DAA5F1 /* Resources */,
			);
			buildRules = (
			);
			dependencies = (
				9A5D42F92B6A175500DAA5F1 /* PBXTargetDependency */,
			);
			name = PetClinicTests;
			productName = PetClinicTests;
			productReference = 9A5D42F72B6A175500DAA5F1 /* PetClinicTests.xctest */;
			productType = "com.apple.product-type.bundle.unit-test";
		};
		9A5D43002B6A175500DAA5F1 /* PetClinicUITests */ = {
			isa = PBXNativeTarget;
			buildConfigurationList = 9A5D43112B6A175500DAA5F1 /* Build configuration list for PBXNativeTarget "PetClinicUITests" */;
			buildPhases = (
				9A5D42FD2B6A175500DAA5F1 /* Sources */,
				9A5D42FE2B6A175500DAA5F1 /* Frameworks */,
				9A5D42FF2B6A175500DAA5F1 /* Resources */,
			);
			buildRules = (
			);
			dependencies = (
				9A5D43032B6A175500DAA5F1 /* PBXTargetDependency */,
			);
			name = PetClinicUITests;
			productName = PetClinicUITests;
			productReference = 9A5D43012B6A175500DAA5F1 /* PetClinicUITests.xctest */;
			productType = "com.apple.product-type.bundle.ui-testing";
		};
/* End PBXNativeTarget section */

/* Begin PBXProject section */
		9A5D42D92B6A175400DAA5F1 /* Project object */ = {
			isa = PBXProject;
			attributes = {
				BuildIndependentTargetsInParallel = 1;
				LastSwiftUpdateCheck = 1520;
				LastUpgradeCheck = 1520;
				TargetAttributes = {
					9A5D42E02B6A175400DAA5F1 = {
						CreatedOnToolsVersion = 15.2;
					};
					9A5D42F62B6A175500DAA5F1 = {
						CreatedOnToolsVersion = 15.2;
						TestTargetID = 9A5D42E02B6A175400DAA5F1;
					};
					9A5D43002B6A175500DAA5F1 = {
						CreatedOnToolsVersion = 15.2;
						TestTargetID = 9A5D42E02B6A175400DAA5F1;
					};
				};
			};
			buildConfigurationList = 9A5D42DC2B6A175400DAA5F1 /* Build configuration list for PBXProject "PetClinic" */;
			compatibilityVersion = "Xcode 14.0";
			developmentRegion = en;
			hasScannedForEncodings = 0;
			knownRegions = (
				en,
				Base,
			);
			mainGroup = 9A5D42D82B6A175400DAA5F1;
			packageReferences = (
				9A5D43152B6A3BD200DAA5F1 /* XCRemoteSwiftPackageReference "Swinject" */,
				9A6615BC2B747E6C005F2EEB /* XCRemoteSwiftPackageReference "firebase-ios-sdk" */,
				9A6615C62B7481DA005F2EEB /* XCRemoteSwiftPackageReference "SwinjectAutoregistration" */,
				9A6615D92B74852E005F2EEB /* XCRemoteSwiftPackageReference "lottie-ios" */,
				9AF81E6E2B77413800E4315E /* XCRemoteSwiftPackageReference "IQKeyboardManager" */,
				9A0E6CA22B9AEB0A005F651B /* XCRemoteSwiftPackageReference "XLPagerTabStrip" */,
			);
			productRefGroup = 9A5D42E22B6A175400DAA5F1 /* Products */;
			projectDirPath = "";
			projectRoot = "";
			targets = (
				9A5D42E02B6A175400DAA5F1 /* PetClinic */,
				9A5D42F62B6A175500DAA5F1 /* PetClinicTests */,
				9A5D43002B6A175500DAA5F1 /* PetClinicUITests */,
			);
		};
/* End PBXProject section */

/* Begin PBXResourcesBuildPhase section */
		9A5D42DF2B6A175400DAA5F1 /* Resources */ = {
			isa = PBXResourcesBuildPhase;
			buildActionMask = 2147483647;
			files = (
				9AF81E2D2B75EF6B00E4315E /* SF-Pro-Text-Regular.otf in Resources */,
				9AF81E272B75EF6B00E4315E /* SF-Pro-Text-MediumItalic.otf in Resources */,
				9AF81E252B75EF6B00E4315E /* SF-Pro-Display-Light.otf in Resources */,
				9AF81E212B75EF6B00E4315E /* SF-Pro-Display-Thin.otf in Resources */,
				9AF81E3B2B75EF6B00E4315E /* SF-Pro-Display-ThinItalic.otf in Resources */,
				9AF81E2F2B75EF6B00E4315E /* SF-Pro-Display-MediumItalic.otf in Resources */,
				9AF81E2E2B75EF6B00E4315E /* SF-Pro-Text-Bold.otf in Resources */,
				9AF81E332B75EF6B00E4315E /* SF-Pro-Display-LightItalic.otf in Resources */,
				9AF81E2C2B75EF6B00E4315E /* SF-Pro-Display-Semibold.otf in Resources */,
				9AF81E392B75EF6B00E4315E /* SF-Pro-Text-Semibold.otf in Resources */,
				9AF81E2A2B75EF6B00E4315E /* SF-Pro-Display-Heavy.otf in Resources */,
				9A6615E22B7487F4005F2EEB /* Animation2.json in Resources */,
				9AF81E552B761CB800E4315E /* Profile.storyboard in Resources */,
				9A5D42F12B6A175500DAA5F1 /* LaunchScreen.storyboard in Resources */,
				9AF81E242B75EF6B00E4315E /* SF-Pro-Display-RegularItalic.otf in Resources */,
				9AF81E292B75EF6B00E4315E /* SF-Pro-Display-Medium.otf in Resources */,
				9A6615E32B7487F4005F2EEB /* Animation3.json in Resources */,
				9AF81E572B761CBF00E4315E /* MyPets.storyboard in Resources */,
				9AF81E3C2B75EF6B00E4315E /* SF-Pro-Text-LightItalic.otf in Resources */,
				9AF81E5D2B761CD300E4315E /* Notification.storyboard in Resources */,
				9A6615CF2B74833D005F2EEB /* Welcome.storyboard in Resources */,
				9AF81E302B75EF6B00E4315E /* SF-Pro-Display-HeavyItalic.otf in Resources */,
				9A5D42EE2B6A175500DAA5F1 /* Assets.xcassets in Resources */,
				9AF81E3A2B75EF6B00E4315E /* SF-Pro-Text-HeavyItalic.otf in Resources */,
				9AF81E352B75EF6B00E4315E /* SF-Pro-Display-Black.otf in Resources */,
				9AF81E372B75EF6B00E4315E /* SF-Pro-Text-RegularItalic.otf in Resources */,
				9A6615E12B7487F4005F2EEB /* Animation1.json in Resources */,
				9AF81E3F2B75EF6B00E4315E /* SF-Pro-Text-SemiboldItalic.otf in Resources */,
				9AF81E232B75EF6B00E4315E /* SF-Pro-Text-Heavy.otf in Resources */,
				9AF81E592B761CC500E4315E /* Appointment.storyboard in Resources */,
				9AF81E222B75EF6B00E4315E /* SF-Pro-Display-SemiboldItalic.otf in Resources */,
				9AF81E2B2B75EF6B00E4315E /* SF-Pro-Text-Light.otf in Resources */,
				9AF81DFB2B749E3C00E4315E /* PetCell.xib in Resources */,
				9AF81E362B75EF6B00E4315E /* SF-Pro-Text-BoldItalic.otf in Resources */,
				9AF81E322B75EF6B00E4315E /* SF-Pro-Display-UltralightItalic.otf in Resources */,
				9AF81E382B75EF6B00E4315E /* Roboto-Bold.ttf in Resources */,
				9AF81E5F2B761CDB00E4315E /* Auth.storyboard in Resources */,
				9A6615D62B74849F005F2EEB /* OnboardingCell.xib in Resources */,
				9AF81E282B75EF6B00E4315E /* SF-Pro-Display-Bold.otf in Resources */,
				9AF81E3E2B75EF6B00E4315E /* SF-Pro-Display-BoldItalic.otf in Resources */,
				9AF81E262B75EF6B00E4315E /* SF-Pro-Display-Regular.otf in Resources */,
				9AF81E5B2B761CCB00E4315E /* Record.storyboard in Resources */,
				9A3910742B79D2EA00037B9B /* AddPet.storyboard in Resources */,
				9AF81E342B75EF6B00E4315E /* SF-Pro-Display-BlackItalic.otf in Resources */,
				9A6615EC2B748A5F005F2EEB /* Home.storyboard in Resources */,
				9AF81E3D2B75EF6B00E4315E /* SF-Pro-Text-Medium.otf in Resources */,
				9AF81E412B75F42B00E4315E /* GoogleService-Info.plist in Resources */,
				9AF81E312B75EF6B00E4315E /* SF-Pro-Display-Ultralight.otf in Resources */,
			);
			runOnlyForDeploymentPostprocessing = 0;
		};
		9A5D42F52B6A175500DAA5F1 /* Resources */ = {
			isa = PBXResourcesBuildPhase;
			buildActionMask = 2147483647;
			files = (
			);
			runOnlyForDeploymentPostprocessing = 0;
		};
		9A5D42FF2B6A175500DAA5F1 /* Resources */ = {
			isa = PBXResourcesBuildPhase;
			buildActionMask = 2147483647;
			files = (
			);
			runOnlyForDeploymentPostprocessing = 0;
		};
/* End PBXResourcesBuildPhase section */

/* Begin PBXSourcesBuildPhase section */
		9A5D42DD2B6A175400DAA5F1 /* Sources */ = {
			isa = PBXSourcesBuildPhase;
			buildActionMask = 2147483647;
			files = (
				9A968A2C2B9956F7002D16D6 /* MXScrollView.m in Sources */,
				9A3910722B79CF4100037B9B /* AddPetCoordinator.swift in Sources */,
				9A6615C52B748182005F2EEB /* Container+Coordinators.swift in Sources */,
				9A968A1E2B9865A7002D16D6 /* PetProfileViewController.swift in Sources */,
				9A968A2D2B9956F7002D16D6 /* MXParallaxHeader.m in Sources */,
				9AF81DFD2B749E4500E4315E /* PetCell.swift in Sources */,
				9A3910612B77F1C400037B9B /* MyPetViewController.swift in Sources */,
				9AF81E762B7754D200E4315E /* SignUpCoordinator.swift in Sources */,
				9A6615E82B74897B005F2EEB /* HomeViewModel.swift in Sources */,
				9A39105E2B7779EE00037B9B /* UserModel.swift in Sources */,
				9A39106E2B79CF2200037B9B /* AddPetViewController.swift in Sources */,
				9A6615C32B748182005F2EEB /* Container+ViewModels.swift in Sources */,
				9A5D431B2B6A42E900DAA5F1 /* BaseCoordinator.swift in Sources */,
				9A6615E62B748971005F2EEB /* HomeViewController.swift in Sources */,
				9A39105C2B77796B00037B9B /* UserManager.swift in Sources */,
				9AF81E742B7754C800E4315E /* SignUpViewModel.swift in Sources */,
				9AF81E722B7754C100E4315E /* SignUpViewController.swift in Sources */,
				9A6615D22B748454005F2EEB /* SlideModel.swift in Sources */,
				9A3910792B79E59A00037B9B /* Constants.swift in Sources */,
				9A5D43192B6A42C600DAA5F1 /* AppCoordinator.swift in Sources */,
				9A3910702B79CF2E00037B9B /* AddPetViewModel.swift in Sources */,
				9AF81E682B7632E500E4315E /* SignInViewController.swift in Sources */,
				9A3910632B77F1CC00037B9B /* MyPetViewModel.swift in Sources */,
				9A6615C42B748182005F2EEB /* Container+RegisterDependencies.swift in Sources */,
				9A6615CC2B74827C005F2EEB /* Storyboarded.swift in Sources */,
				9A3910652B77F1D600037B9B /* MyPetCoordinator.swift in Sources */,
				9A968A202B9865B1002D16D6 /* PetProfileViewModel.swift in Sources */,
				9AF81E002B74A99100E4315E /* UIView.swift in Sources */,
				9A3910672B77F33100037B9B /* PetManager.swift in Sources */,
				9ADE14032B6B925B00C0688C /* WelcomeCoordinator.swift in Sources */,
				9ADE14022B6B925B00C0688C /* WelcomeViewModel.swift in Sources */,
				9AF81E532B76104A00E4315E /* TabModel.swift in Sources */,
				9A968A2E2B9956F7002D16D6 /* MXScrollViewController.m in Sources */,
				9A6615CD2B74827C005F2EEB /* AppStoryboard.swift in Sources */,
				9ADE14012B6B925B00C0688C /* WelcomeViewController.swift in Sources */,
				9A968A222B9865BB002D16D6 /* PetProfileCoordinator.swift in Sources */,
				9AF81E642B7632CE00E4315E /* SignInCoordinator.swift in Sources */,
				9ADE140F2B6CE32500C0688C /* BaseNavigationController.swift in Sources */,
				9ADE140E2B6CE32500C0688C /* BaseViewController.swift in Sources */,
				9A5D42E52B6A175400DAA5F1 /* AppDelegate.swift in Sources */,
				9AF81E6D2B77311100E4315E /* FloatingLabelInput.swift in Sources */,
				9AF81E662B7632DA00E4315E /* SignInViewModel.swift in Sources */,
				9A6615D82B7484A6005F2EEB /* OnboardingCell.swift in Sources */,
				9A3910772B79E55200037B9B /* LocalStorage.swift in Sources */,
				9A5D42E72B6A175400DAA5F1 /* SceneDelegate.swift in Sources */,
				9A6615EA2B748985005F2EEB /* HomeCoordinator.swift in Sources */,
			);
			runOnlyForDeploymentPostprocessing = 0;
		};
		9A5D42F32B6A175500DAA5F1 /* Sources */ = {
			isa = PBXSourcesBuildPhase;
			buildActionMask = 2147483647;
			files = (
				9A5D42FC2B6A175500DAA5F1 /* PetClinicTests.swift in Sources */,
			);
			runOnlyForDeploymentPostprocessing = 0;
		};
		9A5D42FD2B6A175500DAA5F1 /* Sources */ = {
			isa = PBXSourcesBuildPhase;
			buildActionMask = 2147483647;
			files = (
				9A5D43082B6A175500DAA5F1 /* PetClinicUITestsLaunchTests.swift in Sources */,
				9A5D43062B6A175500DAA5F1 /* PetClinicUITests.swift in Sources */,
			);
			runOnlyForDeploymentPostprocessing = 0;
		};
/* End PBXSourcesBuildPhase section */

/* Begin PBXTargetDependency section */
		9A5D42F92B6A175500DAA5F1 /* PBXTargetDependency */ = {
			isa = PBXTargetDependency;
			target = 9A5D42E02B6A175400DAA5F1 /* PetClinic */;
			targetProxy = 9A5D42F82B6A175500DAA5F1 /* PBXContainerItemProxy */;
		};
		9A5D43032B6A175500DAA5F1 /* PBXTargetDependency */ = {
			isa = PBXTargetDependency;
			target = 9A5D42E02B6A175400DAA5F1 /* PetClinic */;
			targetProxy = 9A5D43022B6A175500DAA5F1 /* PBXContainerItemProxy */;
		};
/* End PBXTargetDependency section */

/* Begin PBXVariantGroup section */
		9A5D42EF2B6A175500DAA5F1 /* LaunchScreen.storyboard */ = {
			isa = PBXVariantGroup;
			children = (
				9A5D42F02B6A175500DAA5F1 /* Base */,
			);
			name = LaunchScreen.storyboard;
			sourceTree = "<group>";
		};
/* End PBXVariantGroup section */

/* Begin XCBuildConfiguration section */
		9A5D43092B6A175500DAA5F1 /* Debug */ = {
			isa = XCBuildConfiguration;
			buildSettings = {
				ALWAYS_SEARCH_USER_PATHS = NO;
				ASSETCATALOG_COMPILER_GENERATE_SWIFT_ASSET_SYMBOL_EXTENSIONS = YES;
				CLANG_ANALYZER_NONNULL = YES;
				CLANG_ANALYZER_NUMBER_OBJECT_CONVERSION = YES_AGGRESSIVE;
				CLANG_CXX_LANGUAGE_STANDARD = "gnu++20";
				CLANG_ENABLE_MODULES = YES;
				CLANG_ENABLE_OBJC_ARC = YES;
				CLANG_ENABLE_OBJC_WEAK = YES;
				CLANG_WARN_BLOCK_CAPTURE_AUTORELEASING = YES;
				CLANG_WARN_BOOL_CONVERSION = YES;
				CLANG_WARN_COMMA = YES;
				CLANG_WARN_CONSTANT_CONVERSION = YES;
				CLANG_WARN_DEPRECATED_OBJC_IMPLEMENTATIONS = YES;
				CLANG_WARN_DIRECT_OBJC_ISA_USAGE = YES_ERROR;
				CLANG_WARN_DOCUMENTATION_COMMENTS = YES;
				CLANG_WARN_EMPTY_BODY = YES;
				CLANG_WARN_ENUM_CONVERSION = YES;
				CLANG_WARN_INFINITE_RECURSION = YES;
				CLANG_WARN_INT_CONVERSION = YES;
				CLANG_WARN_NON_LITERAL_NULL_CONVERSION = YES;
				CLANG_WARN_OBJC_IMPLICIT_RETAIN_SELF = YES;
				CLANG_WARN_OBJC_LITERAL_CONVERSION = YES;
				CLANG_WARN_OBJC_ROOT_CLASS = YES_ERROR;
				CLANG_WARN_QUOTED_INCLUDE_IN_FRAMEWORK_HEADER = YES;
				CLANG_WARN_RANGE_LOOP_ANALYSIS = YES;
				CLANG_WARN_STRICT_PROTOTYPES = YES;
				CLANG_WARN_SUSPICIOUS_MOVE = YES;
				CLANG_WARN_UNGUARDED_AVAILABILITY = YES_AGGRESSIVE;
				CLANG_WARN_UNREACHABLE_CODE = YES;
				CLANG_WARN__DUPLICATE_METHOD_MATCH = YES;
				COPY_PHASE_STRIP = NO;
				DEBUG_INFORMATION_FORMAT = dwarf;
				ENABLE_STRICT_OBJC_MSGSEND = YES;
				ENABLE_TESTABILITY = YES;
				ENABLE_USER_SCRIPT_SANDBOXING = YES;
				GCC_C_LANGUAGE_STANDARD = gnu17;
				GCC_DYNAMIC_NO_PIC = NO;
				GCC_NO_COMMON_BLOCKS = YES;
				GCC_OPTIMIZATION_LEVEL = 0;
				GCC_PREPROCESSOR_DEFINITIONS = (
					"DEBUG=1",
					"$(inherited)",
				);
				GCC_WARN_64_TO_32_BIT_CONVERSION = YES;
				GCC_WARN_ABOUT_RETURN_TYPE = YES_ERROR;
				GCC_WARN_UNDECLARED_SELECTOR = YES;
				GCC_WARN_UNINITIALIZED_AUTOS = YES_AGGRESSIVE;
				GCC_WARN_UNUSED_FUNCTION = YES;
				GCC_WARN_UNUSED_VARIABLE = YES;
				IPHONEOS_DEPLOYMENT_TARGET = 13.0;
				LOCALIZATION_PREFERS_STRING_CATALOGS = YES;
				MTL_ENABLE_DEBUG_INFO = INCLUDE_SOURCE;
				MTL_FAST_MATH = YES;
				ONLY_ACTIVE_ARCH = YES;
				SDKROOT = iphoneos;
				SWIFT_ACTIVE_COMPILATION_CONDITIONS = "DEBUG $(inherited)";
				SWIFT_OPTIMIZATION_LEVEL = "-Onone";
			};
			name = Debug;
		};
		9A5D430A2B6A175500DAA5F1 /* Release */ = {
			isa = XCBuildConfiguration;
			buildSettings = {
				ALWAYS_SEARCH_USER_PATHS = NO;
				ASSETCATALOG_COMPILER_GENERATE_SWIFT_ASSET_SYMBOL_EXTENSIONS = YES;
				CLANG_ANALYZER_NONNULL = YES;
				CLANG_ANALYZER_NUMBER_OBJECT_CONVERSION = YES_AGGRESSIVE;
				CLANG_CXX_LANGUAGE_STANDARD = "gnu++20";
				CLANG_ENABLE_MODULES = YES;
				CLANG_ENABLE_OBJC_ARC = YES;
				CLANG_ENABLE_OBJC_WEAK = YES;
				CLANG_WARN_BLOCK_CAPTURE_AUTORELEASING = YES;
				CLANG_WARN_BOOL_CONVERSION = YES;
				CLANG_WARN_COMMA = YES;
				CLANG_WARN_CONSTANT_CONVERSION = YES;
				CLANG_WARN_DEPRECATED_OBJC_IMPLEMENTATIONS = YES;
				CLANG_WARN_DIRECT_OBJC_ISA_USAGE = YES_ERROR;
				CLANG_WARN_DOCUMENTATION_COMMENTS = YES;
				CLANG_WARN_EMPTY_BODY = YES;
				CLANG_WARN_ENUM_CONVERSION = YES;
				CLANG_WARN_INFINITE_RECURSION = YES;
				CLANG_WARN_INT_CONVERSION = YES;
				CLANG_WARN_NON_LITERAL_NULL_CONVERSION = YES;
				CLANG_WARN_OBJC_IMPLICIT_RETAIN_SELF = YES;
				CLANG_WARN_OBJC_LITERAL_CONVERSION = YES;
				CLANG_WARN_OBJC_ROOT_CLASS = YES_ERROR;
				CLANG_WARN_QUOTED_INCLUDE_IN_FRAMEWORK_HEADER = YES;
				CLANG_WARN_RANGE_LOOP_ANALYSIS = YES;
				CLANG_WARN_STRICT_PROTOTYPES = YES;
				CLANG_WARN_SUSPICIOUS_MOVE = YES;
				CLANG_WARN_UNGUARDED_AVAILABILITY = YES_AGGRESSIVE;
				CLANG_WARN_UNREACHABLE_CODE = YES;
				CLANG_WARN__DUPLICATE_METHOD_MATCH = YES;
				COPY_PHASE_STRIP = NO;
				DEBUG_INFORMATION_FORMAT = "dwarf-with-dsym";
				ENABLE_NS_ASSERTIONS = NO;
				ENABLE_STRICT_OBJC_MSGSEND = YES;
				ENABLE_USER_SCRIPT_SANDBOXING = YES;
				GCC_C_LANGUAGE_STANDARD = gnu17;
				GCC_NO_COMMON_BLOCKS = YES;
				GCC_WARN_64_TO_32_BIT_CONVERSION = YES;
				GCC_WARN_ABOUT_RETURN_TYPE = YES_ERROR;
				GCC_WARN_UNDECLARED_SELECTOR = YES;
				GCC_WARN_UNINITIALIZED_AUTOS = YES_AGGRESSIVE;
				GCC_WARN_UNUSED_FUNCTION = YES;
				GCC_WARN_UNUSED_VARIABLE = YES;
				IPHONEOS_DEPLOYMENT_TARGET = 13.0;
				LOCALIZATION_PREFERS_STRING_CATALOGS = YES;
				MTL_ENABLE_DEBUG_INFO = NO;
				MTL_FAST_MATH = YES;
				SDKROOT = iphoneos;
				SWIFT_COMPILATION_MODE = wholemodule;
				VALIDATE_PRODUCT = YES;
			};
			name = Release;
		};
		9A5D430C2B6A175500DAA5F1 /* Debug */ = {
			isa = XCBuildConfiguration;
			buildSettings = {
				ASSETCATALOG_COMPILER_APPICON_NAME = AppIcon;
				ASSETCATALOG_COMPILER_GLOBAL_ACCENT_COLOR_NAME = AccentColor;
				CODE_SIGN_STYLE = Automatic;
				CURRENT_PROJECT_VERSION = 1;
				GENERATE_INFOPLIST_FILE = YES;
				INFOPLIST_FILE = PetClinic/SupportingFiles/Info.plist;
				INFOPLIST_KEY_UIApplicationSupportsIndirectInputEvents = YES;
				INFOPLIST_KEY_UILaunchStoryboardName = LaunchScreen;
				INFOPLIST_KEY_UIMainStoryboardFile = "";
				INFOPLIST_KEY_UISupportedInterfaceOrientations = UIInterfaceOrientationPortrait;
				IPHONEOS_DEPLOYMENT_TARGET = 13.0;
				LD_RUNPATH_SEARCH_PATHS = (
					"$(inherited)",
					"@executable_path/Frameworks",
				);
				MARKETING_VERSION = 1.0;
				PRODUCT_BUNDLE_IDENTIFIER = com.ngweloneche.PetClinic;
				PRODUCT_NAME = "$(TARGET_NAME)";
				SWIFT_EMIT_LOC_STRINGS = YES;
				SWIFT_OBJC_BRIDGING_HEADER = "PetClinic/SupportingFiles/PetClinic-Bridging-Header.h";
				SWIFT_VERSION = 5.0;
				TARGETED_DEVICE_FAMILY = "1,2";
			};
			name = Debug;
		};
		9A5D430D2B6A175500DAA5F1 /* Release */ = {
			isa = XCBuildConfiguration;
			buildSettings = {
				ASSETCATALOG_COMPILER_APPICON_NAME = AppIcon;
				ASSETCATALOG_COMPILER_GLOBAL_ACCENT_COLOR_NAME = AccentColor;
				CODE_SIGN_STYLE = Automatic;
				CURRENT_PROJECT_VERSION = 1;
				GENERATE_INFOPLIST_FILE = YES;
				INFOPLIST_FILE = PetClinic/SupportingFiles/Info.plist;
				INFOPLIST_KEY_UIApplicationSupportsIndirectInputEvents = YES;
				INFOPLIST_KEY_UILaunchStoryboardName = LaunchScreen;
				INFOPLIST_KEY_UIMainStoryboardFile = "";
				INFOPLIST_KEY_UISupportedInterfaceOrientations = UIInterfaceOrientationPortrait;
				IPHONEOS_DEPLOYMENT_TARGET = 13.0;
				LD_RUNPATH_SEARCH_PATHS = (
					"$(inherited)",
					"@executable_path/Frameworks",
				);
				MARKETING_VERSION = 1.0;
				PRODUCT_BUNDLE_IDENTIFIER = com.ngweloneche.PetClinic;
				PRODUCT_NAME = "$(TARGET_NAME)";
				SWIFT_EMIT_LOC_STRINGS = YES;
				SWIFT_OBJC_BRIDGING_HEADER = "PetClinic/SupportingFiles/PetClinic-Bridging-Header.h";
				SWIFT_VERSION = 5.0;
				TARGETED_DEVICE_FAMILY = "1,2";
			};
			name = Release;
		};
		9A5D430F2B6A175500DAA5F1 /* Debug */ = {
			isa = XCBuildConfiguration;
			buildSettings = {
				ALWAYS_EMBED_SWIFT_STANDARD_LIBRARIES = YES;
				BUNDLE_LOADER = "$(TEST_HOST)";
				CODE_SIGN_STYLE = Automatic;
				CURRENT_PROJECT_VERSION = 1;
				GENERATE_INFOPLIST_FILE = YES;
				IPHONEOS_DEPLOYMENT_TARGET = 17.2;
				MARKETING_VERSION = 1.0;
				PRODUCT_BUNDLE_IDENTIFIER = com.ngweloneche.petclinic.PetClinicTests;
				PRODUCT_NAME = "$(TARGET_NAME)";
				SWIFT_EMIT_LOC_STRINGS = NO;
				SWIFT_VERSION = 5.0;
				TARGETED_DEVICE_FAMILY = "1,2";
				TEST_HOST = "$(BUILT_PRODUCTS_DIR)/PetClinic.app/$(BUNDLE_EXECUTABLE_FOLDER_PATH)/PetClinic";
			};
			name = Debug;
		};
		9A5D43102B6A175500DAA5F1 /* Release */ = {
			isa = XCBuildConfiguration;
			buildSettings = {
				ALWAYS_EMBED_SWIFT_STANDARD_LIBRARIES = YES;
				BUNDLE_LOADER = "$(TEST_HOST)";
				CODE_SIGN_STYLE = Automatic;
				CURRENT_PROJECT_VERSION = 1;
				GENERATE_INFOPLIST_FILE = YES;
				IPHONEOS_DEPLOYMENT_TARGET = 17.2;
				MARKETING_VERSION = 1.0;
				PRODUCT_BUNDLE_IDENTIFIER = com.ngweloneche.petclinic.PetClinicTests;
				PRODUCT_NAME = "$(TARGET_NAME)";
				SWIFT_EMIT_LOC_STRINGS = NO;
				SWIFT_VERSION = 5.0;
				TARGETED_DEVICE_FAMILY = "1,2";
				TEST_HOST = "$(BUILT_PRODUCTS_DIR)/PetClinic.app/$(BUNDLE_EXECUTABLE_FOLDER_PATH)/PetClinic";
			};
			name = Release;
		};
		9A5D43122B6A175500DAA5F1 /* Debug */ = {
			isa = XCBuildConfiguration;
			buildSettings = {
				ALWAYS_EMBED_SWIFT_STANDARD_LIBRARIES = YES;
				CODE_SIGN_STYLE = Automatic;
				CURRENT_PROJECT_VERSION = 1;
				GENERATE_INFOPLIST_FILE = YES;
				MARKETING_VERSION = 1.0;
				PRODUCT_BUNDLE_IDENTIFIER = com.ngweloneche.petclinic.PetClinicUITests;
				PRODUCT_NAME = "$(TARGET_NAME)";
				SWIFT_EMIT_LOC_STRINGS = NO;
				SWIFT_VERSION = 5.0;
				TARGETED_DEVICE_FAMILY = "1,2";
				TEST_TARGET_NAME = PetClinic;
			};
			name = Debug;
		};
		9A5D43132B6A175500DAA5F1 /* Release */ = {
			isa = XCBuildConfiguration;
			buildSettings = {
				ALWAYS_EMBED_SWIFT_STANDARD_LIBRARIES = YES;
				CODE_SIGN_STYLE = Automatic;
				CURRENT_PROJECT_VERSION = 1;
				GENERATE_INFOPLIST_FILE = YES;
				MARKETING_VERSION = 1.0;
				PRODUCT_BUNDLE_IDENTIFIER = com.ngweloneche.petclinic.PetClinicUITests;
				PRODUCT_NAME = "$(TARGET_NAME)";
				SWIFT_EMIT_LOC_STRINGS = NO;
				SWIFT_VERSION = 5.0;
				TARGETED_DEVICE_FAMILY = "1,2";
				TEST_TARGET_NAME = PetClinic;
			};
			name = Release;
		};
/* End XCBuildConfiguration section */

/* Begin XCConfigurationList section */
		9A5D42DC2B6A175400DAA5F1 /* Build configuration list for PBXProject "PetClinic" */ = {
			isa = XCConfigurationList;
			buildConfigurations = (
				9A5D43092B6A175500DAA5F1 /* Debug */,
				9A5D430A2B6A175500DAA5F1 /* Release */,
			);
			defaultConfigurationIsVisible = 0;
			defaultConfigurationName = Release;
		};
		9A5D430B2B6A175500DAA5F1 /* Build configuration list for PBXNativeTarget "PetClinic" */ = {
			isa = XCConfigurationList;
			buildConfigurations = (
				9A5D430C2B6A175500DAA5F1 /* Debug */,
				9A5D430D2B6A175500DAA5F1 /* Release */,
			);
			defaultConfigurationIsVisible = 0;
			defaultConfigurationName = Release;
		};
		9A5D430E2B6A175500DAA5F1 /* Build configuration list for PBXNativeTarget "PetClinicTests" */ = {
			isa = XCConfigurationList;
			buildConfigurations = (
				9A5D430F2B6A175500DAA5F1 /* Debug */,
				9A5D43102B6A175500DAA5F1 /* Release */,
			);
			defaultConfigurationIsVisible = 0;
			defaultConfigurationName = Release;
		};
		9A5D43112B6A175500DAA5F1 /* Build configuration list for PBXNativeTarget "PetClinicUITests" */ = {
			isa = XCConfigurationList;
			buildConfigurations = (
				9A5D43122B6A175500DAA5F1 /* Debug */,
				9A5D43132B6A175500DAA5F1 /* Release */,
			);
			defaultConfigurationIsVisible = 0;
			defaultConfigurationName = Release;
		};
/* End XCConfigurationList section */

/* Begin XCRemoteSwiftPackageReference section */
		9A0E6CA22B9AEB0A005F651B /* XCRemoteSwiftPackageReference "XLPagerTabStrip" */ = {
			isa = XCRemoteSwiftPackageReference;
			repositoryURL = "https://github.com/xmartlabs/XLPagerTabStrip";
			requirement = {
				kind = upToNextMajorVersion;
				minimumVersion = 9.1.0;
			};
		};
		9A5D43152B6A3BD200DAA5F1 /* XCRemoteSwiftPackageReference "Swinject" */ = {
			isa = XCRemoteSwiftPackageReference;
			repositoryURL = "https://github.com/Swinject/Swinject";
			requirement = {
				kind = upToNextMajorVersion;
				minimumVersion = 2.8.4;
			};
		};
		9A6615BC2B747E6C005F2EEB /* XCRemoteSwiftPackageReference "firebase-ios-sdk" */ = {
			isa = XCRemoteSwiftPackageReference;
			repositoryURL = "https://github.com/firebase/firebase-ios-sdk";
			requirement = {
				kind = upToNextMajorVersion;
				minimumVersion = 10.21.0;
			};
		};
		9A6615C62B7481DA005F2EEB /* XCRemoteSwiftPackageReference "SwinjectAutoregistration" */ = {
			isa = XCRemoteSwiftPackageReference;
			repositoryURL = "https://github.com/Swinject/SwinjectAutoregistration";
			requirement = {
				kind = upToNextMajorVersion;
				minimumVersion = 2.8.3;
			};
		};
		9A6615D92B74852E005F2EEB /* XCRemoteSwiftPackageReference "lottie-ios" */ = {
			isa = XCRemoteSwiftPackageReference;
			repositoryURL = "https://github.com/airbnb/lottie-ios";
			requirement = {
				kind = upToNextMajorVersion;
				minimumVersion = 4.4.0;
			};
		};
		9AF81E6E2B77413800E4315E /* XCRemoteSwiftPackageReference "IQKeyboardManager" */ = {
			isa = XCRemoteSwiftPackageReference;
			repositoryURL = "https://github.com/hackiftekhar/IQKeyboardManager";
			requirement = {
				kind = upToNextMajorVersion;
				minimumVersion = 7.0.1;
			};
		};
/* End XCRemoteSwiftPackageReference section */

/* Begin XCSwiftPackageProductDependency section */
		9A0E6CA32B9AEB0A005F651B /* XLPagerTabStrip */ = {
			isa = XCSwiftPackageProductDependency;
			package = 9A0E6CA22B9AEB0A005F651B /* XCRemoteSwiftPackageReference "XLPagerTabStrip" */;
			productName = XLPagerTabStrip;
		};
		9A6615BD2B747E6C005F2EEB /* FirebaseAnalytics */ = {
			isa = XCSwiftPackageProductDependency;
			package = 9A6615BC2B747E6C005F2EEB /* XCRemoteSwiftPackageReference "firebase-ios-sdk" */;
			productName = FirebaseAnalytics;
		};
		9A6615C72B7481DA005F2EEB /* SwinjectAutoregistration */ = {
			isa = XCSwiftPackageProductDependency;
			package = 9A6615C62B7481DA005F2EEB /* XCRemoteSwiftPackageReference "SwinjectAutoregistration" */;
			productName = SwinjectAutoregistration;
		};
		9A6615DA2B74852E005F2EEB /* Lottie */ = {
			isa = XCSwiftPackageProductDependency;
			package = 9A6615D92B74852E005F2EEB /* XCRemoteSwiftPackageReference "lottie-ios" */;
			productName = Lottie;
		};
		9ADE14062B6CDEF000C0688C /* Swinject */ = {
			isa = XCSwiftPackageProductDependency;
			package = 9A5D43152B6A3BD200DAA5F1 /* XCRemoteSwiftPackageReference "Swinject" */;
			productName = Swinject;
		};
		9ADE14082B6CDEF000C0688C /* Swinject-Dynamic */ = {
			isa = XCSwiftPackageProductDependency;
			package = 9A5D43152B6A3BD200DAA5F1 /* XCRemoteSwiftPackageReference "Swinject" */;
			productName = "Swinject-Dynamic";
		};
		9AF81E4E2B7604D200E4315E /* FirebaseAuth */ = {
			isa = XCSwiftPackageProductDependency;
			package = 9A6615BC2B747E6C005F2EEB /* XCRemoteSwiftPackageReference "firebase-ios-sdk" */;
			productName = FirebaseAuth;
		};
		9AF81E502B7604D200E4315E /* FirebaseFirestore */ = {
			isa = XCSwiftPackageProductDependency;
			package = 9A6615BC2B747E6C005F2EEB /* XCRemoteSwiftPackageReference "firebase-ios-sdk" */;
			productName = FirebaseFirestore;
		};
		9AF81E6F2B77413800E4315E /* IQKeyboardManagerSwift */ = {
			isa = XCSwiftPackageProductDependency;
			package = 9AF81E6E2B77413800E4315E /* XCRemoteSwiftPackageReference "IQKeyboardManager" */;
			productName = IQKeyboardManagerSwift;
		};
/* End XCSwiftPackageProductDependency section */
	};
	rootObject = 9A5D42D92B6A175400DAA5F1 /* Project object */;
}
